
Microsoft Visual Studio Solution File, Format Version 11.00
# Visual Studio 2010
Project("{FAE04EC0-301F-11D3-BF4B-00C04F79EFBC}") = "RHITMobile", "RHITMobile\RHITMobile.csproj", "{24E7DE9B-A486-410C-932B-6162E38A6FEC}"
EndProject
Project("{FAE04EC0-301F-11D3-BF4B-00C04F79EFBC}") = "RHITMobileTest", "RHITMobileTest\RHITMobileTest.csproj", "{A02E5B51-1DCC-4201-99AB-67DE399868FA}"
EndProject
Project("{2150E333-8FDC-42A3-9474-1A3956D46DE8}") = "Solution Items", "Solution Items", "{8E38201B-8E34-4014-A060-59A73825BBE0}"
	ProjectSection(SolutionItems) = preProject
		Local.testsettings = Local.testsettings
		RHITMobile.vsmdi = RHITMobile.vsmdi
		TraceAndTestImpact.testsettings = TraceAndTestImpact.testsettings
	EndProjectSection
EndProject
Project("{FAE04EC0-301F-11D3-BF4B-00C04F79EFBC}") = "RHITMobileWindowsService", "RHITMobileWindowsService\RHITMobileWindowsService.csproj", "{5A347EE1-BC38-44EC-BC19-0B5C258B03C2}"
EndProject
Project("{54435603-DBB4-11D2-8724-00A0C9A8B90C}") = "RHITMobileInstaller", "RHITMobileInstaller\RHITMobileInstaller.vdproj", "{E1B087C8-C851-4180-BCED-D8FE31D7301A}"
EndProject
Global
	GlobalSection(TestCaseManagementSettings) = postSolution
		CategoryFile = RHITMobile.vsmdi
	EndGlobalSection
	GlobalSection(SolutionConfigurationPlatforms) = preSolution
		Debug|Any CPU = Debug|Any CPU
		Debug|Mixed Platforms = Debug|Mixed Platforms
		Debug|x86 = Debug|x86
		Release|Any CPU = Release|Any CPU
		Release|Mixed Platforms = Release|Mixed Platforms
		Release|x86 = Release|x86
	EndGlobalSection
	GlobalSection(ProjectConfigurationPlatforms) = postSolution
		{24E7DE9B-A486-410C-932B-6162E38A6FEC}.Debug|Any CPU.ActiveCfg = Debug|x86
		{24E7DE9B-A486-410C-932B-6162E38A6FEC}.Debug|Mixed Platforms.ActiveCfg = Debug|x86
		{24E7DE9B-A486-410C-932B-6162E38A6FEC}.Debug|Mixed Platforms.Build.0 = Debug|x86
		{24E7DE9B-A486-410C-932B-6162E38A6FEC}.Debug|x86.ActiveCfg = Debug|x86
		{24E7DE9B-A486-410C-932B-6162E38A6FEC}.Debug|x86.Build.0 = Debug|x86
		{24E7DE9B-A486-410C-932B-6162E38A6FEC}.Release|Any CPU.ActiveCfg = Release|x86
		{24E7DE9B-A486-410C-932B-6162E38A6FEC}.Release|Mixed Platforms.ActiveCfg = Release|x86
		{24E7DE9B-A486-410C-932B-6162E38A6FEC}.Release|Mixed Platforms.Build.0 = Release|x86
		{24E7DE9B-A486-410C-932B-6162E38A6FEC}.Release|x86.ActiveCfg = Release|x86
		{24E7DE9B-A486-410C-932B-6162E38A6FEC}.Release|x86.Build.0 = Release|x86
		{A02E5B51-1DCC-4201-99AB-67DE399868FA}.Debug|Any CPU.ActiveCfg = Debug|Any CPU
		{A02E5B51-1DCC-4201-99AB-67DE399868FA}.Debug|Any CPU.Build.0 = Debug|Any CPU
		{A02E5B51-1DCC-4201-99AB-67DE399868FA}.Debug|Mixed Platforms.ActiveCfg = Debug|Any CPU
		{A02E5B51-1DCC-4201-99AB-67DE399868FA}.Debug|Mixed Platforms.Build.0 = Debug|Any CPU
		{A02E5B51-1DCC-4201-99AB-67DE399868FA}.Debug|x86.ActiveCfg = Debug|Any CPU
		{A02E5B51-1DCC-4201-99AB-67DE399868FA}.Release|Any CPU.ActiveCfg = Release|Any CPU
		{A02E5B51-1DCC-4201-99AB-67DE399868FA}.Release|Any CPU.Build.0 = Release|Any CPU
		{A02E5B51-1DCC-4201-99AB-67DE399868FA}.Release|Mixed Platforms.ActiveCfg = Release|Any CPU
		{A02E5B51-1DCC-4201-99AB-67DE399868FA}.Release|Mixed Platforms.Build.0 = Release|Any CPU
		{A02E5B51-1DCC-4201-99AB-67DE399868FA}.Release|x86.ActiveCfg = Release|Any CPU
		{5A347EE1-BC38-44EC-BC19-0B5C258B03C2}.Debug|Any CPU.ActiveCfg = Debug|x86
		{5A347EE1-BC38-44EC-BC19-0B5C258B03C2}.Debug|Mixed Platforms.ActiveCfg = Debug|x86
		{5A347EE1-BC38-44EC-BC19-0B5C258B03C2}.Debug|Mixed Platforms.Build.0 = Debug|x86
		{5A347EE1-BC38-44EC-BC19-0B5C258B03C2}.Debug|x86.ActiveCfg = Debug|x86
		{5A347EE1-BC38-44EC-BC19-0B5C258B03C2}.Debug|x86.Build.0 = Debug|x86
		{5A347EE1-BC38-44EC-BC19-0B5C258B03C2}.Release|Any CPU.ActiveCfg = Release|x86
		{5A347EE1-BC38-44EC-BC19-0B5C258B03C2}.Release|Mixed Platforms.ActiveCfg = Release|x86
		{5A347EE1-BC38-44EC-BC19-0B5C258B03C2}.Release|Mixed Platforms.Build.0 = Release|x86
		{5A347EE1-BC38-44EC-BC19-0B5C258B03C2}.Release|x86.ActiveCfg = Release|x86
		{5A347EE1-BC38-44EC-BC19-0B5C258B03C2}.Release|x86.Build.0 = Release|x86
		{E1B087C8-C851-4180-BCED-D8FE31D7301A}.Debug|Any CPU.ActiveCfg = Debug
		{E1B087C8-C851-4180-BCED-D8FE31D7301A}.Debug|Mixed Platforms.ActiveCfg = Debug
		{E1B087C8-C851-4180-BCED-D8FE31D7301A}.Debug|x86.ActiveCfg = Debug
		{E1B087C8-C851-4180-BCED-D8FE31D7301A}.Release|Any CPU.ActiveCfg = Release
		{E1B087C8-C851-4180-BCED-D8FE31D7301A}.Release|Mixed Platforms.ActiveCfg = Release
		{E1B087C8-C851-4180-BCED-D8FE31D7301A}.Release|x86.ActiveCfg = Release
	EndGlobalSection
	GlobalSection(SolutionProperties) = preSolution
		HideSolutionNode = FALSE
	EndGlobalSection
EndGlobal
