
Microsoft Visual Studio Solution File, Format Version 11.00
# Visual Studio 2010
Project("{FAE04EC0-301F-11D3-BF4B-00C04F79EFBC}") = "RhitMobile", "RhitMobile\RhitMobile.csproj", "{5A8ECBE3-1DF1-42AD-A16D-BAF1BE0FB72D}"
EndProject
Project("{FAE04EC0-301F-11D3-BF4B-00C04F79EFBC}") = "ExampleSearch", "ExampleSearch\ExampleSearch.csproj", "{9B4D3265-EBBD-4D1B-9840-3C1DCCDA99BC}"
EndProject
Project("{FAE04EC0-301F-11D3-BF4B-00C04F79EFBC}") = "RhitMobile.Tests", "RhitMobile.Tests\RhitMobile.Tests.csproj", "{D3465C21-82A5-4939-9F4C-57FA1CBDA5C7}"
EndProject
Project("{2150E333-8FDC-42A3-9474-1A3956D46DE8}") = "Solution Items", "Solution Items", "{C84B603D-B828-4761-B39B-1731989B8B51}"
	ProjectSection(SolutionItems) = preProject
		Local.testsettings = Local.testsettings
		RhitMobile1.vsmdi = RhitMobile1.vsmdi
		TraceAndTestImpact.testsettings = TraceAndTestImpact.testsettings
	EndProjectSection
EndProject
Global
	GlobalSection(TestCaseManagementSettings) = postSolution
		CategoryFile = RhitMobile1.vsmdi
	EndGlobalSection
	GlobalSection(SolutionConfigurationPlatforms) = preSolution
		Debug|Any CPU = Debug|Any CPU
		Release|Any CPU = Release|Any CPU
	EndGlobalSection
	GlobalSection(ProjectConfigurationPlatforms) = postSolution
		{5A8ECBE3-1DF1-42AD-A16D-BAF1BE0FB72D}.Debug|Any CPU.ActiveCfg = Debug|Any CPU
		{5A8ECBE3-1DF1-42AD-A16D-BAF1BE0FB72D}.Debug|Any CPU.Build.0 = Debug|Any CPU
		{5A8ECBE3-1DF1-42AD-A16D-BAF1BE0FB72D}.Debug|Any CPU.Deploy.0 = Debug|Any CPU
		{5A8ECBE3-1DF1-42AD-A16D-BAF1BE0FB72D}.Release|Any CPU.ActiveCfg = Release|Any CPU
		{5A8ECBE3-1DF1-42AD-A16D-BAF1BE0FB72D}.Release|Any CPU.Build.0 = Release|Any CPU
		{5A8ECBE3-1DF1-42AD-A16D-BAF1BE0FB72D}.Release|Any CPU.Deploy.0 = Release|Any CPU
		{9B4D3265-EBBD-4D1B-9840-3C1DCCDA99BC}.Debug|Any CPU.ActiveCfg = Debug|Any CPU
		{9B4D3265-EBBD-4D1B-9840-3C1DCCDA99BC}.Debug|Any CPU.Build.0 = Debug|Any CPU
		{9B4D3265-EBBD-4D1B-9840-3C1DCCDA99BC}.Debug|Any CPU.Deploy.0 = Debug|Any CPU
		{9B4D3265-EBBD-4D1B-9840-3C1DCCDA99BC}.Release|Any CPU.ActiveCfg = Release|Any CPU
		{9B4D3265-EBBD-4D1B-9840-3C1DCCDA99BC}.Release|Any CPU.Build.0 = Release|Any CPU
		{9B4D3265-EBBD-4D1B-9840-3C1DCCDA99BC}.Release|Any CPU.Deploy.0 = Release|Any CPU
		{D3465C21-82A5-4939-9F4C-57FA1CBDA5C7}.Debug|Any CPU.ActiveCfg = Debug|Any CPU
		{D3465C21-82A5-4939-9F4C-57FA1CBDA5C7}.Debug|Any CPU.Build.0 = Debug|Any CPU
		{D3465C21-82A5-4939-9F4C-57FA1CBDA5C7}.Release|Any CPU.ActiveCfg = Release|Any CPU
		{D3465C21-82A5-4939-9F4C-57FA1CBDA5C7}.Release|Any CPU.Build.0 = Release|Any CPU
	EndGlobalSection
	GlobalSection(SolutionProperties) = preSolution
		HideSolutionNode = FALSE
	EndGlobalSection
EndGlobal
