
Microsoft Visual Studio Solution File, Format Version 11.00
# Visual Studio 2010
Project("{FAE04EC0-301F-11D3-BF4B-00C04F79EFBC}") = "RHITMobileService", "RHITMobileService\RHITMobileService.csproj", "{EDD4EB1F-AB93-43DD-A2F5-21DAB16F42AC}"
EndProject
Project("{2150E333-8FDC-42A3-9474-1A3956D46DE8}") = "Solution Items", "Solution Items", "{AC9B49E6-8001-44DB-A2B1-0EB4341F788E}"
	ProjectSection(SolutionItems) = preProject
		Local.testsettings = Local.testsettings
		SecureServer.vsmdi = SecureServer.vsmdi
		TraceAndTestImpact.testsettings = TraceAndTestImpact.testsettings
	EndProjectSection
EndProject
Project("{FAE04EC0-301F-11D3-BF4B-00C04F79EFBC}") = "ServiceTest", "ServiceTest\ServiceTest.csproj", "{2BC30F46-5305-4C55-9EDF-6ACD58F9F748}"
EndProject
Project("{54435603-DBB4-11D2-8724-00A0C9A8B90C}") = "ServiceInstaller", "ServiceInstaller\ServiceInstaller.vdproj", "{FC2DC6E0-FE99-4145-8D61-8CB39392668D}"
EndProject
Global
	GlobalSection(TestCaseManagementSettings) = postSolution
		CategoryFile = SecureServer.vsmdi
	EndGlobalSection
	GlobalSection(SolutionConfigurationPlatforms) = preSolution
		Debug|Any CPU = Debug|Any CPU
		Debug|Mixed Platforms = Debug|Mixed Platforms
		Debug|x86 = Debug|x86
		Release|Any CPU = Release|Any CPU
		Release|Mixed Platforms = Release|Mixed Platforms
		Release|x86 = Release|x86
	EndGlobalSection
	GlobalSection(ProjectConfigurationPlatforms) = postSolution
		{EDD4EB1F-AB93-43DD-A2F5-21DAB16F42AC}.Debug|Any CPU.ActiveCfg = Debug|x86
		{EDD4EB1F-AB93-43DD-A2F5-21DAB16F42AC}.Debug|Mixed Platforms.ActiveCfg = Debug|x86
		{EDD4EB1F-AB93-43DD-A2F5-21DAB16F42AC}.Debug|Mixed Platforms.Build.0 = Debug|x86
		{EDD4EB1F-AB93-43DD-A2F5-21DAB16F42AC}.Debug|x86.ActiveCfg = Debug|x86
		{EDD4EB1F-AB93-43DD-A2F5-21DAB16F42AC}.Debug|x86.Build.0 = Debug|x86
		{EDD4EB1F-AB93-43DD-A2F5-21DAB16F42AC}.Release|Any CPU.ActiveCfg = Release|x86
		{EDD4EB1F-AB93-43DD-A2F5-21DAB16F42AC}.Release|Mixed Platforms.ActiveCfg = Release|x86
		{EDD4EB1F-AB93-43DD-A2F5-21DAB16F42AC}.Release|Mixed Platforms.Build.0 = Release|x86
		{EDD4EB1F-AB93-43DD-A2F5-21DAB16F42AC}.Release|x86.ActiveCfg = Release|x86
		{EDD4EB1F-AB93-43DD-A2F5-21DAB16F42AC}.Release|x86.Build.0 = Release|x86
		{2BC30F46-5305-4C55-9EDF-6ACD58F9F748}.Debug|Any CPU.ActiveCfg = Debug|Any CPU
		{2BC30F46-5305-4C55-9EDF-6ACD58F9F748}.Debug|Any CPU.Build.0 = Debug|Any CPU
		{2BC30F46-5305-4C55-9EDF-6ACD58F9F748}.Debug|Mixed Platforms.ActiveCfg = Debug|Any CPU
		{2BC30F46-5305-4C55-9EDF-6ACD58F9F748}.Debug|Mixed Platforms.Build.0 = Debug|Any CPU
		{2BC30F46-5305-4C55-9EDF-6ACD58F9F748}.Debug|x86.ActiveCfg = Debug|Any CPU
		{2BC30F46-5305-4C55-9EDF-6ACD58F9F748}.Release|Any CPU.ActiveCfg = Release|Any CPU
		{2BC30F46-5305-4C55-9EDF-6ACD58F9F748}.Release|Any CPU.Build.0 = Release|Any CPU
		{2BC30F46-5305-4C55-9EDF-6ACD58F9F748}.Release|Mixed Platforms.ActiveCfg = Release|Any CPU
		{2BC30F46-5305-4C55-9EDF-6ACD58F9F748}.Release|Mixed Platforms.Build.0 = Release|Any CPU
		{2BC30F46-5305-4C55-9EDF-6ACD58F9F748}.Release|x86.ActiveCfg = Release|Any CPU
		{FC2DC6E0-FE99-4145-8D61-8CB39392668D}.Debug|Any CPU.ActiveCfg = Debug
		{FC2DC6E0-FE99-4145-8D61-8CB39392668D}.Debug|Mixed Platforms.ActiveCfg = Debug
		{FC2DC6E0-FE99-4145-8D61-8CB39392668D}.Debug|x86.ActiveCfg = Debug
		{FC2DC6E0-FE99-4145-8D61-8CB39392668D}.Release|Any CPU.ActiveCfg = Release
		{FC2DC6E0-FE99-4145-8D61-8CB39392668D}.Release|Mixed Platforms.ActiveCfg = Release
		{FC2DC6E0-FE99-4145-8D61-8CB39392668D}.Release|x86.ActiveCfg = Release
	EndGlobalSection
	GlobalSection(SolutionProperties) = preSolution
		HideSolutionNode = FALSE
	EndGlobalSection
EndGlobal
