
Microsoft Visual Studio Solution File, Format Version 11.00
# Visual Studio 2010
Project("{FAE04EC0-301F-11D3-BF4B-00C04F79EFBC}") = "Mvvm.DN", "Mvvm.DN\Mvvm.DN.csproj", "{2F01D300-C025-469C-BE4E-4118EFBC24CA}"
EndProject
Project("{FAE04EC0-301F-11D3-BF4B-00C04F79EFBC}") = "Mvvm.SL", "Mvvm.SL\Mvvm.SL.csproj", "{6C4729D1-DF30-48BD-B466-789836FE8D32}"
EndProject
Project("{FAE04EC0-301F-11D3-BF4B-00C04F79EFBC}") = "Rhit.Admin.View.SL", "Rhit.Admin.View.SL\Rhit.Admin.View.SL.csproj", "{98CB4249-5F34-42C9-85D1-E9639CBD8F04}"
EndProject
Project("{FAE04EC0-301F-11D3-BF4B-00C04F79EFBC}") = "Rhit.Admin.View.SL.Web", "Rhit.Admin.View.SL.Web\Rhit.Admin.View.SL.Web.csproj", "{1164B66E-FDAF-446D-AF5F-EEB1B22B7572}"
EndProject
Project("{FAE04EC0-301F-11D3-BF4B-00C04F79EFBC}") = "Rhit.Admin.ViewModel.SL", "Rhit.Admin.ViewModel.SL\Rhit.Admin.ViewModel.SL.csproj", "{3116E42F-F2F7-44FC-AAED-B506250DD5A0}"
EndProject
Project("{FAE04EC0-301F-11D3-BF4B-00C04F79EFBC}") = "Rhit.Admin.Model.SL", "Rhit.Admin.Model.SL\Rhit.Admin.Model.SL.csproj", "{0D3D2360-F616-429A-9136-8F25E833A9EA}"
EndProject
Global
	GlobalSection(SolutionConfigurationPlatforms) = preSolution
		Debug|Any CPU = Debug|Any CPU
		Debug|Mixed Platforms = Debug|Mixed Platforms
		Debug|x86 = Debug|x86
		Release|Any CPU = Release|Any CPU
		Release|Mixed Platforms = Release|Mixed Platforms
		Release|x86 = Release|x86
	EndGlobalSection
	GlobalSection(ProjectConfigurationPlatforms) = postSolution
		{2F01D300-C025-469C-BE4E-4118EFBC24CA}.Debug|Any CPU.ActiveCfg = Debug|Any CPU
		{2F01D300-C025-469C-BE4E-4118EFBC24CA}.Debug|Any CPU.Build.0 = Debug|Any CPU
		{2F01D300-C025-469C-BE4E-4118EFBC24CA}.Debug|Mixed Platforms.ActiveCfg = Debug|Any CPU
		{2F01D300-C025-469C-BE4E-4118EFBC24CA}.Debug|Mixed Platforms.Build.0 = Debug|Any CPU
		{2F01D300-C025-469C-BE4E-4118EFBC24CA}.Debug|x86.ActiveCfg = Debug|Any CPU
		{2F01D300-C025-469C-BE4E-4118EFBC24CA}.Release|Any CPU.ActiveCfg = Release|Any CPU
		{2F01D300-C025-469C-BE4E-4118EFBC24CA}.Release|Any CPU.Build.0 = Release|Any CPU
		{2F01D300-C025-469C-BE4E-4118EFBC24CA}.Release|Mixed Platforms.ActiveCfg = Release|Any CPU
		{2F01D300-C025-469C-BE4E-4118EFBC24CA}.Release|Mixed Platforms.Build.0 = Release|Any CPU
		{2F01D300-C025-469C-BE4E-4118EFBC24CA}.Release|x86.ActiveCfg = Release|Any CPU
		{6C4729D1-DF30-48BD-B466-789836FE8D32}.Debug|Any CPU.ActiveCfg = Debug|Any CPU
		{6C4729D1-DF30-48BD-B466-789836FE8D32}.Debug|Any CPU.Build.0 = Debug|Any CPU
		{6C4729D1-DF30-48BD-B466-789836FE8D32}.Debug|Mixed Platforms.ActiveCfg = Debug|Any CPU
		{6C4729D1-DF30-48BD-B466-789836FE8D32}.Debug|Mixed Platforms.Build.0 = Debug|Any CPU
		{6C4729D1-DF30-48BD-B466-789836FE8D32}.Debug|x86.ActiveCfg = Debug|Any CPU
		{6C4729D1-DF30-48BD-B466-789836FE8D32}.Release|Any CPU.ActiveCfg = Release|Any CPU
		{6C4729D1-DF30-48BD-B466-789836FE8D32}.Release|Any CPU.Build.0 = Release|Any CPU
		{6C4729D1-DF30-48BD-B466-789836FE8D32}.Release|Mixed Platforms.ActiveCfg = Release|Any CPU
		{6C4729D1-DF30-48BD-B466-789836FE8D32}.Release|Mixed Platforms.Build.0 = Release|Any CPU
		{6C4729D1-DF30-48BD-B466-789836FE8D32}.Release|x86.ActiveCfg = Release|Any CPU
		{98CB4249-5F34-42C9-85D1-E9639CBD8F04}.Debug|Any CPU.ActiveCfg = Debug|Any CPU
		{98CB4249-5F34-42C9-85D1-E9639CBD8F04}.Debug|Any CPU.Build.0 = Debug|Any CPU
		{98CB4249-5F34-42C9-85D1-E9639CBD8F04}.Debug|Mixed Platforms.ActiveCfg = Debug|Any CPU
		{98CB4249-5F34-42C9-85D1-E9639CBD8F04}.Debug|Mixed Platforms.Build.0 = Debug|Any CPU
		{98CB4249-5F34-42C9-85D1-E9639CBD8F04}.Debug|x86.ActiveCfg = Debug|Any CPU
		{98CB4249-5F34-42C9-85D1-E9639CBD8F04}.Release|Any CPU.ActiveCfg = Release|Any CPU
		{98CB4249-5F34-42C9-85D1-E9639CBD8F04}.Release|Any CPU.Build.0 = Release|Any CPU
		{98CB4249-5F34-42C9-85D1-E9639CBD8F04}.Release|Mixed Platforms.ActiveCfg = Release|Any CPU
		{98CB4249-5F34-42C9-85D1-E9639CBD8F04}.Release|Mixed Platforms.Build.0 = Release|Any CPU
		{98CB4249-5F34-42C9-85D1-E9639CBD8F04}.Release|x86.ActiveCfg = Release|Any CPU
		{1164B66E-FDAF-446D-AF5F-EEB1B22B7572}.Debug|Any CPU.ActiveCfg = Debug|Any CPU
		{1164B66E-FDAF-446D-AF5F-EEB1B22B7572}.Debug|Any CPU.Build.0 = Debug|Any CPU
		{1164B66E-FDAF-446D-AF5F-EEB1B22B7572}.Debug|Mixed Platforms.ActiveCfg = Debug|Any CPU
		{1164B66E-FDAF-446D-AF5F-EEB1B22B7572}.Debug|Mixed Platforms.Build.0 = Debug|Any CPU
		{1164B66E-FDAF-446D-AF5F-EEB1B22B7572}.Debug|x86.ActiveCfg = Debug|Any CPU
		{1164B66E-FDAF-446D-AF5F-EEB1B22B7572}.Release|Any CPU.ActiveCfg = Release|Any CPU
		{1164B66E-FDAF-446D-AF5F-EEB1B22B7572}.Release|Any CPU.Build.0 = Release|Any CPU
		{1164B66E-FDAF-446D-AF5F-EEB1B22B7572}.Release|Mixed Platforms.ActiveCfg = Release|Any CPU
		{1164B66E-FDAF-446D-AF5F-EEB1B22B7572}.Release|Mixed Platforms.Build.0 = Release|Any CPU
		{1164B66E-FDAF-446D-AF5F-EEB1B22B7572}.Release|x86.ActiveCfg = Release|Any CPU
		{3116E42F-F2F7-44FC-AAED-B506250DD5A0}.Debug|Any CPU.ActiveCfg = Debug|Any CPU
		{3116E42F-F2F7-44FC-AAED-B506250DD5A0}.Debug|Any CPU.Build.0 = Debug|Any CPU
		{3116E42F-F2F7-44FC-AAED-B506250DD5A0}.Debug|Mixed Platforms.ActiveCfg = Debug|Any CPU
		{3116E42F-F2F7-44FC-AAED-B506250DD5A0}.Debug|Mixed Platforms.Build.0 = Debug|Any CPU
		{3116E42F-F2F7-44FC-AAED-B506250DD5A0}.Debug|x86.ActiveCfg = Debug|Any CPU
		{3116E42F-F2F7-44FC-AAED-B506250DD5A0}.Release|Any CPU.ActiveCfg = Release|Any CPU
		{3116E42F-F2F7-44FC-AAED-B506250DD5A0}.Release|Any CPU.Build.0 = Release|Any CPU
		{3116E42F-F2F7-44FC-AAED-B506250DD5A0}.Release|Mixed Platforms.ActiveCfg = Release|Any CPU
		{3116E42F-F2F7-44FC-AAED-B506250DD5A0}.Release|Mixed Platforms.Build.0 = Release|Any CPU
		{3116E42F-F2F7-44FC-AAED-B506250DD5A0}.Release|x86.ActiveCfg = Release|Any CPU
		{0D3D2360-F616-429A-9136-8F25E833A9EA}.Debug|Any CPU.ActiveCfg = Debug|Any CPU
		{0D3D2360-F616-429A-9136-8F25E833A9EA}.Debug|Any CPU.Build.0 = Debug|Any CPU
		{0D3D2360-F616-429A-9136-8F25E833A9EA}.Debug|Mixed Platforms.ActiveCfg = Debug|Any CPU
		{0D3D2360-F616-429A-9136-8F25E833A9EA}.Debug|Mixed Platforms.Build.0 = Debug|Any CPU
		{0D3D2360-F616-429A-9136-8F25E833A9EA}.Debug|x86.ActiveCfg = Debug|Any CPU
		{0D3D2360-F616-429A-9136-8F25E833A9EA}.Release|Any CPU.ActiveCfg = Release|Any CPU
		{0D3D2360-F616-429A-9136-8F25E833A9EA}.Release|Any CPU.Build.0 = Release|Any CPU
		{0D3D2360-F616-429A-9136-8F25E833A9EA}.Release|Mixed Platforms.ActiveCfg = Release|Any CPU
		{0D3D2360-F616-429A-9136-8F25E833A9EA}.Release|Mixed Platforms.Build.0 = Release|Any CPU
		{0D3D2360-F616-429A-9136-8F25E833A9EA}.Release|x86.ActiveCfg = Release|Any CPU
	EndGlobalSection
	GlobalSection(SolutionProperties) = preSolution
		HideSolutionNode = FALSE
	EndGlobalSection
EndGlobal
