// !$*UTF8*$!
{
	archiveVersion = 1;
	classes = {
	};
	objectVersion = 46;
	objects = {

/* Begin PBXBuildFile section */
		9208547F142BA28100BE55B8 /* RHNode.m in Sources */ = {isa = PBXBuildFile; fileRef = 9208547E142BA28100BE55B8 /* RHNode.m */; };
		92085480142BA28100BE55B8 /* RHNode.m in Sources */ = {isa = PBXBuildFile; fileRef = 9208547E142BA28100BE55B8 /* RHNode.m */; };
		92085493142BA3C300BE55B8 /* RHLabelNode.m in Sources */ = {isa = PBXBuildFile; fileRef = 92085492142BA3C300BE55B8 /* RHLabelNode.m */; };
		92085494142BA3C300BE55B8 /* RHLabelNode.m in Sources */ = {isa = PBXBuildFile; fileRef = 92085492142BA3C300BE55B8 /* RHLabelNode.m */; };
		9226030E1409AEF00065F705 /* MapKit.framework in Frameworks */ = {isa = PBXBuildFile; fileRef = 9226030D1409AEF00065F705 /* MapKit.framework */; };
		922603581409C9480065F705 /* launch-icon-large.png in Resources */ = {isa = PBXBuildFile; fileRef = 922603571409C9480065F705 /* launch-icon-large.png */; };
		9226035A1409C9680065F705 /* launch-icon-small.png in Resources */ = {isa = PBXBuildFile; fileRef = 922603591409C9680065F705 /* launch-icon-small.png */; };
		9233DD0F141BAA3500B9A549 /* RHAnnotation.m in Sources */ = {isa = PBXBuildFile; fileRef = 9233DD0E141BAA3500B9A549 /* RHAnnotation.m */; };
		9233DD10141BAA3500B9A549 /* RHAnnotation.m in Sources */ = {isa = PBXBuildFile; fileRef = 9233DD0E141BAA3500B9A549 /* RHAnnotation.m */; };
		923C841414298C5800DFE415 /* CoreData.framework in Frameworks */ = {isa = PBXBuildFile; fileRef = 923C841314298C5800DFE415 /* CoreData.framework */; };
		923C841C14298DD500DFE415 /* Model.xcdatamodeld in Sources */ = {isa = PBXBuildFile; fileRef = 923C841A14298DD500DFE415 /* Model.xcdatamodeld */; };
		923C841D14298DD500DFE415 /* Model.xcdatamodeld in Sources */ = {isa = PBXBuildFile; fileRef = 923C841A14298DD500DFE415 /* Model.xcdatamodeld */; };
		9246368C142BAAC700A5E399 /* RHLocation.m in Sources */ = {isa = PBXBuildFile; fileRef = 9246368B142BAAC700A5E399 /* RHLocation.m */; };
		9246368D142BAAC700A5E399 /* RHLocation.m in Sources */ = {isa = PBXBuildFile; fileRef = 9246368B142BAAC700A5E399 /* RHLocation.m */; };
		92463690142BAB5300A5E399 /* RHBoundaryNode.m in Sources */ = {isa = PBXBuildFile; fileRef = 9246368F142BAB5300A5E399 /* RHBoundaryNode.m */; };
		92463691142BAB5300A5E399 /* RHBoundaryNode.m in Sources */ = {isa = PBXBuildFile; fileRef = 9246368F142BAB5300A5E399 /* RHBoundaryNode.m */; };
		92463698142BAE0A00A5E399 /* RHNavigationNode.m in Sources */ = {isa = PBXBuildFile; fileRef = 92463697142BAE0A00A5E399 /* RHNavigationNode.m */; };
		92463699142BAE0A00A5E399 /* RHNavigationNode.m in Sources */ = {isa = PBXBuildFile; fileRef = 92463697142BAE0A00A5E399 /* RHNavigationNode.m */; };
		924E754D140ACC9A001DFC4C /* tab-bar-map-icon.png in Resources */ = {isa = PBXBuildFile; fileRef = 924E754C140ACC9A001DFC4C /* tab-bar-map-icon.png */; };
		9265FEA91409AB5D00AE406E /* UIKit.framework in Frameworks */ = {isa = PBXBuildFile; fileRef = 9265FEA81409AB5D00AE406E /* UIKit.framework */; };
		9265FEAB1409AB5D00AE406E /* Foundation.framework in Frameworks */ = {isa = PBXBuildFile; fileRef = 9265FEAA1409AB5D00AE406E /* Foundation.framework */; };
		9265FEAD1409AB5D00AE406E /* CoreGraphics.framework in Frameworks */ = {isa = PBXBuildFile; fileRef = 9265FEAC1409AB5D00AE406E /* CoreGraphics.framework */; };
		9265FEB31409AB5D00AE406E /* InfoPlist.strings in Resources */ = {isa = PBXBuildFile; fileRef = 9265FEB11409AB5D00AE406E /* InfoPlist.strings */; };
		9265FEB51409AB5D00AE406E /* main.m in Sources */ = {isa = PBXBuildFile; fileRef = 9265FEB41409AB5D00AE406E /* main.m */; };
		9265FEB91409AB5D00AE406E /* RHITMobileAppDelegate.m in Sources */ = {isa = PBXBuildFile; fileRef = 9265FEB81409AB5D00AE406E /* RHITMobileAppDelegate.m */; };
		9265FEBC1409AB5D00AE406E /* MainWindow.xib in Resources */ = {isa = PBXBuildFile; fileRef = 9265FEBA1409AB5D00AE406E /* MainWindow.xib */; };
		9265FEBF1409AB5D00AE406E /* MapViewController.m in Sources */ = {isa = PBXBuildFile; fileRef = 9265FEBE1409AB5D00AE406E /* MapViewController.m */; };
		9265FEC21409AB5D00AE406E /* SearchViewController.m in Sources */ = {isa = PBXBuildFile; fileRef = 9265FEC11409AB5D00AE406E /* SearchViewController.m */; };
		9265FEC51409AB5D00AE406E /* MapView.xib in Resources */ = {isa = PBXBuildFile; fileRef = 9265FEC31409AB5D00AE406E /* MapView.xib */; };
		9265FEC81409AB5D00AE406E /* SearchView.xib in Resources */ = {isa = PBXBuildFile; fileRef = 9265FEC61409AB5D00AE406E /* SearchView.xib */; };
		9265FED01409AB5D00AE406E /* SenTestingKit.framework in Frameworks */ = {isa = PBXBuildFile; fileRef = 9265FECF1409AB5D00AE406E /* SenTestingKit.framework */; };
		9265FED11409AB5D00AE406E /* UIKit.framework in Frameworks */ = {isa = PBXBuildFile; fileRef = 9265FEA81409AB5D00AE406E /* UIKit.framework */; };
		9265FED21409AB5D00AE406E /* Foundation.framework in Frameworks */ = {isa = PBXBuildFile; fileRef = 9265FEAA1409AB5D00AE406E /* Foundation.framework */; };
		9265FED31409AB5D00AE406E /* CoreGraphics.framework in Frameworks */ = {isa = PBXBuildFile; fileRef = 9265FEAC1409AB5D00AE406E /* CoreGraphics.framework */; };
		9265FEDB1409AB5D00AE406E /* InfoPlist.strings in Resources */ = {isa = PBXBuildFile; fileRef = 9265FED91409AB5D00AE406E /* InfoPlist.strings */; };
		929488F7142CD4E700820A9C /* RHNodeTests.m in Sources */ = {isa = PBXBuildFile; fileRef = 929488F6142CD4E700820A9C /* RHNodeTests.m */; };
		929488FA142CD65500820A9C /* CoreData.framework in Frameworks */ = {isa = PBXBuildFile; fileRef = 929488F9142CD65500820A9C /* CoreData.framework */; };
		92948900142D380400820A9C /* RHBoundaryNodeTests.m in Sources */ = {isa = PBXBuildFile; fileRef = 929488FF142D380400820A9C /* RHBoundaryNodeTests.m */; };
		92948903142D3C4200820A9C /* RHLabelNodeTests.m in Sources */ = {isa = PBXBuildFile; fileRef = 92948902142D3C4200820A9C /* RHLabelNodeTests.m */; };
		92DFEACA141FD4E500889314 /* MKMapView+ZoomLevel.m in Sources */ = {isa = PBXBuildFile; fileRef = 92DFEAC9141FD4E500889314 /* MKMapView+ZoomLevel.m */; };
		92DFEACB141FD4E500889314 /* MKMapView+ZoomLevel.m in Sources */ = {isa = PBXBuildFile; fileRef = 92DFEAC9141FD4E500889314 /* MKMapView+ZoomLevel.m */; };
		92DFEACD141FEF9100889314 /* MapKit.framework in Frameworks */ = {isa = PBXBuildFile; fileRef = 92DFEACC141FEF9100889314 /* MapKit.framework */; };
		92DFEAD01420245F00889314 /* RHAnnotationView.m in Sources */ = {isa = PBXBuildFile; fileRef = 92DFEACF1420245F00889314 /* RHAnnotationView.m */; };
		92DFEAD11420245F00889314 /* RHAnnotationView.m in Sources */ = {isa = PBXBuildFile; fileRef = 92DFEACF1420245F00889314 /* RHAnnotationView.m */; };
		92DFEAD414203C6400889314 /* RHMapLabel.m in Sources */ = {isa = PBXBuildFile; fileRef = 92DFEAD314203C6400889314 /* RHMapLabel.m */; };
		92DFEAD514203C6400889314 /* RHMapLabel.m in Sources */ = {isa = PBXBuildFile; fileRef = 92DFEAD314203C6400889314 /* RHMapLabel.m */; };
/* End PBXBuildFile section */

/* Begin PBXContainerItemProxy section */
		9265FED41409AB5D00AE406E /* PBXContainerItemProxy */ = {
			isa = PBXContainerItemProxy;
			containerPortal = 9265FE9B1409AB5C00AE406E /* Project object */;
			proxyType = 1;
			remoteGlobalIDString = 9265FEA31409AB5D00AE406E;
			remoteInfo = RHITMobile;
		};
/* End PBXContainerItemProxy section */

/* Begin PBXFileReference section */
		9208547D142BA28100BE55B8 /* RHNode.h */ = {isa = PBXFileReference; fileEncoding = 4; lastKnownFileType = sourcecode.c.h; path = RHNode.h; sourceTree = "<group>"; };
		9208547E142BA28100BE55B8 /* RHNode.m */ = {isa = PBXFileReference; fileEncoding = 4; lastKnownFileType = sourcecode.c.objc; path = RHNode.m; sourceTree = "<group>"; };
		92085491142BA3C300BE55B8 /* RHLabelNode.h */ = {isa = PBXFileReference; fileEncoding = 4; lastKnownFileType = sourcecode.c.h; path = RHLabelNode.h; sourceTree = "<group>"; };
		92085492142BA3C300BE55B8 /* RHLabelNode.m */ = {isa = PBXFileReference; fileEncoding = 4; lastKnownFileType = sourcecode.c.objc; path = RHLabelNode.m; sourceTree = "<group>"; };
		9226030D1409AEF00065F705 /* MapKit.framework */ = {isa = PBXFileReference; lastKnownFileType = wrapper.framework; name = MapKit.framework; path = System/Library/Frameworks/MapKit.framework; sourceTree = SDKROOT; };
		922603571409C9480065F705 /* launch-icon-large.png */ = {isa = PBXFileReference; lastKnownFileType = image.png; path = "launch-icon-large.png"; sourceTree = "<group>"; };
		922603591409C9680065F705 /* launch-icon-small.png */ = {isa = PBXFileReference; lastKnownFileType = image.png; path = "launch-icon-small.png"; sourceTree = "<group>"; };
		9233DD0D141BAA3500B9A549 /* RHAnnotation.h */ = {isa = PBXFileReference; fileEncoding = 4; lastKnownFileType = sourcecode.c.h; path = RHAnnotation.h; sourceTree = "<group>"; };
		9233DD0E141BAA3500B9A549 /* RHAnnotation.m */ = {isa = PBXFileReference; fileEncoding = 4; lastKnownFileType = sourcecode.c.objc; path = RHAnnotation.m; sourceTree = "<group>"; };
		923C841314298C5800DFE415 /* CoreData.framework */ = {isa = PBXFileReference; lastKnownFileType = wrapper.framework; name = CoreData.framework; path = System/Library/Frameworks/CoreData.framework; sourceTree = SDKROOT; };
		923C841B14298DD500DFE415 /* Model.xcdatamodel */ = {isa = PBXFileReference; lastKnownFileType = wrapper.xcdatamodel; path = Model.xcdatamodel; sourceTree = "<group>"; };
		9246368A142BAAC700A5E399 /* RHLocation.h */ = {isa = PBXFileReference; fileEncoding = 4; lastKnownFileType = sourcecode.c.h; path = RHLocation.h; sourceTree = "<group>"; };
		9246368B142BAAC700A5E399 /* RHLocation.m */ = {isa = PBXFileReference; fileEncoding = 4; lastKnownFileType = sourcecode.c.objc; path = RHLocation.m; sourceTree = "<group>"; };
		9246368E142BAB5300A5E399 /* RHBoundaryNode.h */ = {isa = PBXFileReference; fileEncoding = 4; lastKnownFileType = sourcecode.c.h; path = RHBoundaryNode.h; sourceTree = "<group>"; };
		9246368F142BAB5300A5E399 /* RHBoundaryNode.m */ = {isa = PBXFileReference; fileEncoding = 4; lastKnownFileType = sourcecode.c.objc; path = RHBoundaryNode.m; sourceTree = "<group>"; };
		92463696142BAE0900A5E399 /* RHNavigationNode.h */ = {isa = PBXFileReference; fileEncoding = 4; lastKnownFileType = sourcecode.c.h; path = RHNavigationNode.h; sourceTree = "<group>"; };
		92463697142BAE0A00A5E399 /* RHNavigationNode.m */ = {isa = PBXFileReference; fileEncoding = 4; lastKnownFileType = sourcecode.c.objc; path = RHNavigationNode.m; sourceTree = "<group>"; };
		924E754C140ACC9A001DFC4C /* tab-bar-map-icon.png */ = {isa = PBXFileReference; lastKnownFileType = image.png; path = "tab-bar-map-icon.png"; sourceTree = "<group>"; };
		9265FEA41409AB5D00AE406E /* RHITMobile.app */ = {isa = PBXFileReference; explicitFileType = wrapper.application; includeInIndex = 0; path = RHITMobile.app; sourceTree = BUILT_PRODUCTS_DIR; };
		9265FEA81409AB5D00AE406E /* UIKit.framework */ = {isa = PBXFileReference; lastKnownFileType = wrapper.framework; name = UIKit.framework; path = System/Library/Frameworks/UIKit.framework; sourceTree = SDKROOT; };
		9265FEAA1409AB5D00AE406E /* Foundation.framework */ = {isa = PBXFileReference; lastKnownFileType = wrapper.framework; name = Foundation.framework; path = System/Library/Frameworks/Foundation.framework; sourceTree = SDKROOT; };
		9265FEAC1409AB5D00AE406E /* CoreGraphics.framework */ = {isa = PBXFileReference; lastKnownFileType = wrapper.framework; name = CoreGraphics.framework; path = System/Library/Frameworks/CoreGraphics.framework; sourceTree = SDKROOT; };
		9265FEB01409AB5D00AE406E /* RHITMobile-Info.plist */ = {isa = PBXFileReference; lastKnownFileType = text.plist.xml; path = "RHITMobile-Info.plist"; sourceTree = "<group>"; };
		9265FEB21409AB5D00AE406E /* en */ = {isa = PBXFileReference; lastKnownFileType = text.plist.strings; name = en; path = en.lproj/InfoPlist.strings; sourceTree = "<group>"; };
		9265FEB41409AB5D00AE406E /* main.m */ = {isa = PBXFileReference; lastKnownFileType = sourcecode.c.objc; path = main.m; sourceTree = "<group>"; };
		9265FEB61409AB5D00AE406E /* RHITMobile-Prefix.pch */ = {isa = PBXFileReference; lastKnownFileType = sourcecode.c.h; path = "RHITMobile-Prefix.pch"; sourceTree = "<group>"; };
		9265FEB71409AB5D00AE406E /* RHITMobileAppDelegate.h */ = {isa = PBXFileReference; lastKnownFileType = sourcecode.c.h; path = RHITMobileAppDelegate.h; sourceTree = "<group>"; };
		9265FEB81409AB5D00AE406E /* RHITMobileAppDelegate.m */ = {isa = PBXFileReference; lastKnownFileType = sourcecode.c.objc; path = RHITMobileAppDelegate.m; sourceTree = "<group>"; };
		9265FEBB1409AB5D00AE406E /* en */ = {isa = PBXFileReference; lastKnownFileType = file.xib; name = en; path = en.lproj/MainWindow.xib; sourceTree = "<group>"; };
		9265FEBD1409AB5D00AE406E /* MapViewController.h */ = {isa = PBXFileReference; lastKnownFileType = sourcecode.c.h; path = MapViewController.h; sourceTree = "<group>"; };
		9265FEBE1409AB5D00AE406E /* MapViewController.m */ = {isa = PBXFileReference; lastKnownFileType = sourcecode.c.objc; path = MapViewController.m; sourceTree = "<group>"; };
		9265FEC01409AB5D00AE406E /* SearchViewController.h */ = {isa = PBXFileReference; lastKnownFileType = sourcecode.c.h; path = SearchViewController.h; sourceTree = "<group>"; };
		9265FEC11409AB5D00AE406E /* SearchViewController.m */ = {isa = PBXFileReference; lastKnownFileType = sourcecode.c.objc; path = SearchViewController.m; sourceTree = "<group>"; };
		9265FEC41409AB5D00AE406E /* en */ = {isa = PBXFileReference; lastKnownFileType = file.xib; name = en; path = en.lproj/MapView.xib; sourceTree = "<group>"; };
		9265FEC71409AB5D00AE406E /* en */ = {isa = PBXFileReference; lastKnownFileType = file.xib; name = en; path = en.lproj/SearchView.xib; sourceTree = "<group>"; };
		9265FECE1409AB5D00AE406E /* RHITMobileTests.octest */ = {isa = PBXFileReference; explicitFileType = wrapper.cfbundle; includeInIndex = 0; path = RHITMobileTests.octest; sourceTree = BUILT_PRODUCTS_DIR; };
		9265FECF1409AB5D00AE406E /* SenTestingKit.framework */ = {isa = PBXFileReference; lastKnownFileType = wrapper.framework; name = SenTestingKit.framework; path = Library/Frameworks/SenTestingKit.framework; sourceTree = DEVELOPER_DIR; };
		9265FED81409AB5D00AE406E /* RHITMobileTests-Info.plist */ = {isa = PBXFileReference; lastKnownFileType = text.plist.xml; path = "RHITMobileTests-Info.plist"; sourceTree = "<group>"; };
		9265FEDA1409AB5D00AE406E /* en */ = {isa = PBXFileReference; lastKnownFileType = text.plist.strings; name = en; path = en.lproj/InfoPlist.strings; sourceTree = "<group>"; };
		929488F5142CD4E700820A9C /* RHNodeTests.h */ = {isa = PBXFileReference; fileEncoding = 4; lastKnownFileType = sourcecode.c.h; path = RHNodeTests.h; sourceTree = "<group>"; };
		929488F6142CD4E700820A9C /* RHNodeTests.m */ = {isa = PBXFileReference; fileEncoding = 4; lastKnownFileType = sourcecode.c.objc; path = RHNodeTests.m; sourceTree = "<group>"; };
		929488F9142CD65500820A9C /* CoreData.framework */ = {isa = PBXFileReference; lastKnownFileType = wrapper.framework; name = CoreData.framework; path = System/Library/Frameworks/CoreData.framework; sourceTree = SDKROOT; };
		929488FE142D380400820A9C /* RHBoundaryNodeTests.h */ = {isa = PBXFileReference; fileEncoding = 4; lastKnownFileType = sourcecode.c.h; path = RHBoundaryNodeTests.h; sourceTree = "<group>"; };
		929488FF142D380400820A9C /* RHBoundaryNodeTests.m */ = {isa = PBXFileReference; fileEncoding = 4; lastKnownFileType = sourcecode.c.objc; path = RHBoundaryNodeTests.m; sourceTree = "<group>"; };
		92948901142D3C4200820A9C /* RHLabelNodeTests.h */ = {isa = PBXFileReference; fileEncoding = 4; lastKnownFileType = sourcecode.c.h; path = RHLabelNodeTests.h; sourceTree = "<group>"; };
		92948902142D3C4200820A9C /* RHLabelNodeTests.m */ = {isa = PBXFileReference; fileEncoding = 4; lastKnownFileType = sourcecode.c.objc; path = RHLabelNodeTests.m; sourceTree = "<group>"; };
		92DFEAC8141FD4E500889314 /* MKMapView+ZoomLevel.h */ = {isa = PBXFileReference; fileEncoding = 4; lastKnownFileType = sourcecode.c.h; path = "MKMapView+ZoomLevel.h"; sourceTree = "<group>"; };
		92DFEAC9141FD4E500889314 /* MKMapView+ZoomLevel.m */ = {isa = PBXFileReference; fileEncoding = 4; lastKnownFileType = sourcecode.c.objc; path = "MKMapView+ZoomLevel.m"; sourceTree = "<group>"; };
		92DFEACC141FEF9100889314 /* MapKit.framework */ = {isa = PBXFileReference; lastKnownFileType = wrapper.framework; name = MapKit.framework; path = System/Library/Frameworks/MapKit.framework; sourceTree = SDKROOT; };
		92DFEACE1420245F00889314 /* RHAnnotationView.h */ = {isa = PBXFileReference; fileEncoding = 4; lastKnownFileType = sourcecode.c.h; path = RHAnnotationView.h; sourceTree = "<group>"; };
		92DFEACF1420245F00889314 /* RHAnnotationView.m */ = {isa = PBXFileReference; fileEncoding = 4; lastKnownFileType = sourcecode.c.objc; path = RHAnnotationView.m; sourceTree = "<group>"; };
		92DFEAD214203C6400889314 /* RHMapLabel.h */ = {isa = PBXFileReference; fileEncoding = 4; lastKnownFileType = sourcecode.c.h; path = RHMapLabel.h; sourceTree = "<group>"; };
		92DFEAD314203C6400889314 /* RHMapLabel.m */ = {isa = PBXFileReference; fileEncoding = 4; lastKnownFileType = sourcecode.c.objc; path = RHMapLabel.m; sourceTree = "<group>"; };
		92ECC4C4141434D30073C4C3 /* RHConstants.h */ = {isa = PBXFileReference; fileEncoding = 4; lastKnownFileType = sourcecode.c.h; path = RHConstants.h; sourceTree = "<group>"; };
/* End PBXFileReference section */

/* Begin PBXFrameworksBuildPhase section */
		9265FEA11409AB5D00AE406E /* Frameworks */ = {
			isa = PBXFrameworksBuildPhase;
			buildActionMask = 2147483647;
			files = (
				923C841414298C5800DFE415 /* CoreData.framework in Frameworks */,
				9265FEA91409AB5D00AE406E /* UIKit.framework in Frameworks */,
				9265FEAB1409AB5D00AE406E /* Foundation.framework in Frameworks */,
				9265FEAD1409AB5D00AE406E /* CoreGraphics.framework in Frameworks */,
				9226030E1409AEF00065F705 /* MapKit.framework in Frameworks */,
			);
			runOnlyForDeploymentPostprocessing = 0;
		};
		9265FECA1409AB5D00AE406E /* Frameworks */ = {
			isa = PBXFrameworksBuildPhase;
			buildActionMask = 2147483647;
			files = (
				929488FA142CD65500820A9C /* CoreData.framework in Frameworks */,
				92DFEACD141FEF9100889314 /* MapKit.framework in Frameworks */,
				9265FED01409AB5D00AE406E /* SenTestingKit.framework in Frameworks */,
				9265FED11409AB5D00AE406E /* UIKit.framework in Frameworks */,
				9265FED21409AB5D00AE406E /* Foundation.framework in Frameworks */,
				9265FED31409AB5D00AE406E /* CoreGraphics.framework in Frameworks */,
			);
			runOnlyForDeploymentPostprocessing = 0;
		};
/* End PBXFrameworksBuildPhase section */

/* Begin PBXGroup section */
		9226030B1409AC820065F705 /* Images */ = {
			isa = PBXGroup;
			children = (
				924E754C140ACC9A001DFC4C /* tab-bar-map-icon.png */,
			);
			name = Images;
			sourceTree = "<group>";
		};
		9226030C1409AE640065F705 /* Model */ = {
			isa = PBXGroup;
			children = (
				923C841A14298DD500DFE415 /* Model.xcdatamodeld */,
				9208547D142BA28100BE55B8 /* RHNode.h */,
				9208547E142BA28100BE55B8 /* RHNode.m */,
				9246368E142BAB5300A5E399 /* RHBoundaryNode.h */,
				9246368F142BAB5300A5E399 /* RHBoundaryNode.m */,
				92085491142BA3C300BE55B8 /* RHLabelNode.h */,
				92085492142BA3C300BE55B8 /* RHLabelNode.m */,
				92463696142BAE0900A5E399 /* RHNavigationNode.h */,
				92463697142BAE0A00A5E399 /* RHNavigationNode.m */,
				9246368A142BAAC700A5E399 /* RHLocation.h */,
				9246368B142BAAC700A5E399 /* RHLocation.m */,
			);
			name = Model;
			sourceTree = "<group>";
		};
		9226034F1409C32A0065F705 /* ModelTests */ = {
			isa = PBXGroup;
			children = (
				929488F5142CD4E700820A9C /* RHNodeTests.h */,
				929488F6142CD4E700820A9C /* RHNodeTests.m */,
				929488FE142D380400820A9C /* RHBoundaryNodeTests.h */,
				929488FF142D380400820A9C /* RHBoundaryNodeTests.m */,
				92948901142D3C4200820A9C /* RHLabelNodeTests.h */,
				92948902142D3C4200820A9C /* RHLabelNodeTests.m */,
			);
			name = ModelTests;
			sourceTree = "<group>";
		};
		922603501409C3330065F705 /* ApplicationTests */ = {
			isa = PBXGroup;
			children = (
			);
			name = ApplicationTests;
			sourceTree = "<group>";
		};
		9265FE991409AB5C00AE406E = {
			isa = PBXGroup;
			children = (
				922603591409C9680065F705 /* launch-icon-small.png */,
				922603571409C9480065F705 /* launch-icon-large.png */,
				9265FEAE1409AB5D00AE406E /* RHITMobile */,
				9265FED61409AB5D00AE406E /* RHITMobileTests */,
				9265FEA71409AB5D00AE406E /* Frameworks */,
				9265FEA51409AB5D00AE406E /* Products */,
			);
			sourceTree = "<group>";
		};
		9265FEA51409AB5D00AE406E /* Products */ = {
			isa = PBXGroup;
			children = (
				9265FEA41409AB5D00AE406E /* RHITMobile.app */,
				9265FECE1409AB5D00AE406E /* RHITMobileTests.octest */,
			);
			name = Products;
			sourceTree = "<group>";
		};
		9265FEA71409AB5D00AE406E /* Frameworks */ = {
			isa = PBXGroup;
			children = (
				929488F9142CD65500820A9C /* CoreData.framework */,
				923C841314298C5800DFE415 /* CoreData.framework */,
				92DFEACC141FEF9100889314 /* MapKit.framework */,
				9226030D1409AEF00065F705 /* MapKit.framework */,
				9265FEA81409AB5D00AE406E /* UIKit.framework */,
				9265FEAA1409AB5D00AE406E /* Foundation.framework */,
				9265FEAC1409AB5D00AE406E /* CoreGraphics.framework */,
				9265FECF1409AB5D00AE406E /* SenTestingKit.framework */,
			);
			name = Frameworks;
			sourceTree = "<group>";
		};
		9265FEAE1409AB5D00AE406E /* RHITMobile */ = {
			isa = PBXGroup;
			children = (
				92ECC4C4141434D30073C4C3 /* RHConstants.h */,
				92ECC4C3141430510073C4C3 /* Views */,
				9226030C1409AE640065F705 /* Model */,
				9265FEAF1409AB5D00AE406E /* Supporting Files */,
			);
			path = RHITMobile;
			sourceTree = "<group>";
		};
		9265FEAF1409AB5D00AE406E /* Supporting Files */ = {
			isa = PBXGroup;
			children = (
				9226030B1409AC820065F705 /* Images */,
				9265FEB01409AB5D00AE406E /* RHITMobile-Info.plist */,
				9265FEB11409AB5D00AE406E /* InfoPlist.strings */,
				9265FEB41409AB5D00AE406E /* main.m */,
				9265FEB61409AB5D00AE406E /* RHITMobile-Prefix.pch */,
			);
			name = "Supporting Files";
			sourceTree = "<group>";
		};
		9265FED61409AB5D00AE406E /* RHITMobileTests */ = {
			isa = PBXGroup;
			children = (
				922603501409C3330065F705 /* ApplicationTests */,
				9226034F1409C32A0065F705 /* ModelTests */,
				9265FED71409AB5D00AE406E /* Supporting Files */,
			);
			path = RHITMobileTests;
			sourceTree = "<group>";
		};
		9265FED71409AB5D00AE406E /* Supporting Files */ = {
			isa = PBXGroup;
			children = (
				9265FED81409AB5D00AE406E /* RHITMobileTests-Info.plist */,
				9265FED91409AB5D00AE406E /* InfoPlist.strings */,
			);
			name = "Supporting Files";
			sourceTree = "<group>";
		};
		92ECC4C3141430510073C4C3 /* Views */ = {
			isa = PBXGroup;
			children = (
				9265FEB71409AB5D00AE406E /* RHITMobileAppDelegate.h */,
				9265FEB81409AB5D00AE406E /* RHITMobileAppDelegate.m */,
				9265FEBD1409AB5D00AE406E /* MapViewController.h */,
				9265FEBE1409AB5D00AE406E /* MapViewController.m */,
				9265FEC01409AB5D00AE406E /* SearchViewController.h */,
				9265FEC11409AB5D00AE406E /* SearchViewController.m */,
				9265FEBA1409AB5D00AE406E /* MainWindow.xib */,
				9265FEC31409AB5D00AE406E /* MapView.xib */,
				9265FEC61409AB5D00AE406E /* SearchView.xib */,
				92DFEAC8141FD4E500889314 /* MKMapView+ZoomLevel.h */,
				92DFEAC9141FD4E500889314 /* MKMapView+ZoomLevel.m */,
				9233DD0D141BAA3500B9A549 /* RHAnnotation.h */,
				9233DD0E141BAA3500B9A549 /* RHAnnotation.m */,
				92DFEACE1420245F00889314 /* RHAnnotationView.h */,
				92DFEACF1420245F00889314 /* RHAnnotationView.m */,
				92DFEAD214203C6400889314 /* RHMapLabel.h */,
				92DFEAD314203C6400889314 /* RHMapLabel.m */,
			);
			name = Views;
			sourceTree = "<group>";
		};
/* End PBXGroup section */

/* Begin PBXNativeTarget section */
		9265FEA31409AB5D00AE406E /* RHITMobile */ = {
			isa = PBXNativeTarget;
			buildConfigurationList = 9265FEE21409AB5D00AE406E /* Build configuration list for PBXNativeTarget "RHITMobile" */;
			buildPhases = (
				9265FEA01409AB5D00AE406E /* Sources */,
				9265FEA11409AB5D00AE406E /* Frameworks */,
				9265FEA21409AB5D00AE406E /* Resources */,
			);
			buildRules = (
			);
			dependencies = (
			);
			name = RHITMobile;
			productName = RHITMobile;
			productReference = 9265FEA41409AB5D00AE406E /* RHITMobile.app */;
			productType = "com.apple.product-type.application";
		};
		9265FECD1409AB5D00AE406E /* RHITMobileTests */ = {
			isa = PBXNativeTarget;
			buildConfigurationList = 9265FEE51409AB5D00AE406E /* Build configuration list for PBXNativeTarget "RHITMobileTests" */;
			buildPhases = (
				9265FEC91409AB5D00AE406E /* Sources */,
				9265FECA1409AB5D00AE406E /* Frameworks */,
				9265FECB1409AB5D00AE406E /* Resources */,
				9265FECC1409AB5D00AE406E /* ShellScript */,
			);
			buildRules = (
			);
			dependencies = (
				9265FED51409AB5D00AE406E /* PBXTargetDependency */,
			);
			name = RHITMobileTests;
			productName = RHITMobileTests;
			productReference = 9265FECE1409AB5D00AE406E /* RHITMobileTests.octest */;
			productType = "com.apple.product-type.bundle";
		};
/* End PBXNativeTarget section */

/* Begin PBXProject section */
		9265FE9B1409AB5C00AE406E /* Project object */ = {
			isa = PBXProject;
			attributes = {
				ORGANIZATIONNAME = "Rose-Hulman Institute of Technology";
			};
			buildConfigurationList = 9265FE9E1409AB5C00AE406E /* Build configuration list for PBXProject "RHITMobile" */;
			compatibilityVersion = "Xcode 3.2";
			developmentRegion = English;
			hasScannedForEncodings = 0;
			knownRegions = (
				en,
			);
			mainGroup = 9265FE991409AB5C00AE406E;
			productRefGroup = 9265FEA51409AB5D00AE406E /* Products */;
			projectDirPath = "";
			projectRoot = "";
			targets = (
				9265FEA31409AB5D00AE406E /* RHITMobile */,
				9265FECD1409AB5D00AE406E /* RHITMobileTests */,
			);
		};
/* End PBXProject section */

/* Begin PBXResourcesBuildPhase section */
		9265FEA21409AB5D00AE406E /* Resources */ = {
			isa = PBXResourcesBuildPhase;
			buildActionMask = 2147483647;
			files = (
				9265FEB31409AB5D00AE406E /* InfoPlist.strings in Resources */,
				9265FEBC1409AB5D00AE406E /* MainWindow.xib in Resources */,
				9265FEC51409AB5D00AE406E /* MapView.xib in Resources */,
				9265FEC81409AB5D00AE406E /* SearchView.xib in Resources */,
				922603581409C9480065F705 /* launch-icon-large.png in Resources */,
				9226035A1409C9680065F705 /* launch-icon-small.png in Resources */,
				924E754D140ACC9A001DFC4C /* tab-bar-map-icon.png in Resources */,
			);
			runOnlyForDeploymentPostprocessing = 0;
		};
		9265FECB1409AB5D00AE406E /* Resources */ = {
			isa = PBXResourcesBuildPhase;
			buildActionMask = 2147483647;
			files = (
				9265FEDB1409AB5D00AE406E /* InfoPlist.strings in Resources */,
			);
			runOnlyForDeploymentPostprocessing = 0;
		};
/* End PBXResourcesBuildPhase section */

/* Begin PBXShellScriptBuildPhase section */
		9265FECC1409AB5D00AE406E /* ShellScript */ = {
			isa = PBXShellScriptBuildPhase;
			buildActionMask = 2147483647;
			files = (
			);
			inputPaths = (
			);
			outputPaths = (
			);
			runOnlyForDeploymentPostprocessing = 0;
			shellPath = /bin/sh;
			shellScript = "# Run the unit tests in this test bundle.\n\"${SYSTEM_DEVELOPER_DIR}/Tools/RunUnitTests\"\n";
		};
/* End PBXShellScriptBuildPhase section */

/* Begin PBXSourcesBuildPhase section */
		9265FEA01409AB5D00AE406E /* Sources */ = {
			isa = PBXSourcesBuildPhase;
			buildActionMask = 2147483647;
			files = (
				9265FEB51409AB5D00AE406E /* main.m in Sources */,
				9265FEB91409AB5D00AE406E /* RHITMobileAppDelegate.m in Sources */,
				9265FEBF1409AB5D00AE406E /* MapViewController.m in Sources */,
				9265FEC21409AB5D00AE406E /* SearchViewController.m in Sources */,
				9233DD0F141BAA3500B9A549 /* RHAnnotation.m in Sources */,
				92DFEACA141FD4E500889314 /* MKMapView+ZoomLevel.m in Sources */,
				92DFEAD01420245F00889314 /* RHAnnotationView.m in Sources */,
				92DFEAD414203C6400889314 /* RHMapLabel.m in Sources */,
				923C841C14298DD500DFE415 /* Model.xcdatamodeld in Sources */,
				9208547F142BA28100BE55B8 /* RHNode.m in Sources */,
				92085493142BA3C300BE55B8 /* RHLabelNode.m in Sources */,
				9246368C142BAAC700A5E399 /* RHLocation.m in Sources */,
				92463690142BAB5300A5E399 /* RHBoundaryNode.m in Sources */,
				92463698142BAE0A00A5E399 /* RHNavigationNode.m in Sources */,
			);
			runOnlyForDeploymentPostprocessing = 0;
		};
		9265FEC91409AB5D00AE406E /* Sources */ = {
			isa = PBXSourcesBuildPhase;
			buildActionMask = 2147483647;
			files = (
				9233DD10141BAA3500B9A549 /* RHAnnotation.m in Sources */,
				92DFEACB141FD4E500889314 /* MKMapView+ZoomLevel.m in Sources */,
				92DFEAD11420245F00889314 /* RHAnnotationView.m in Sources */,
				92DFEAD514203C6400889314 /* RHMapLabel.m in Sources */,
				923C841D14298DD500DFE415 /* Model.xcdatamodeld in Sources */,
				92085480142BA28100BE55B8 /* RHNode.m in Sources */,
				92085494142BA3C300BE55B8 /* RHLabelNode.m in Sources */,
				9246368D142BAAC700A5E399 /* RHLocation.m in Sources */,
				92463691142BAB5300A5E399 /* RHBoundaryNode.m in Sources */,
				92463699142BAE0A00A5E399 /* RHNavigationNode.m in Sources */,
				929488F7142CD4E700820A9C /* RHNodeTests.m in Sources */,
				92948900142D380400820A9C /* RHBoundaryNodeTests.m in Sources */,
				92948903142D3C4200820A9C /* RHLabelNodeTests.m in Sources */,
			);
			runOnlyForDeploymentPostprocessing = 0;
		};
/* End PBXSourcesBuildPhase section */

/* Begin PBXTargetDependency section */
		9265FED51409AB5D00AE406E /* PBXTargetDependency */ = {
			isa = PBXTargetDependency;
			target = 9265FEA31409AB5D00AE406E /* RHITMobile */;
			targetProxy = 9265FED41409AB5D00AE406E /* PBXContainerItemProxy */;
		};
/* End PBXTargetDependency section */

/* Begin PBXVariantGroup section */
		9265FEB11409AB5D00AE406E /* InfoPlist.strings */ = {
			isa = PBXVariantGroup;
			children = (
				9265FEB21409AB5D00AE406E /* en */,
			);
			name = InfoPlist.strings;
			sourceTree = "<group>";
		};
		9265FEBA1409AB5D00AE406E /* MainWindow.xib */ = {
			isa = PBXVariantGroup;
			children = (
				9265FEBB1409AB5D00AE406E /* en */,
			);
			name = MainWindow.xib;
			sourceTree = "<group>";
		};
		9265FEC31409AB5D00AE406E /* MapView.xib */ = {
			isa = PBXVariantGroup;
			children = (
				9265FEC41409AB5D00AE406E /* en */,
			);
			name = MapView.xib;
			sourceTree = "<group>";
		};
		9265FEC61409AB5D00AE406E /* SearchView.xib */ = {
			isa = PBXVariantGroup;
			children = (
				9265FEC71409AB5D00AE406E /* en */,
			);
			name = SearchView.xib;
			sourceTree = "<group>";
		};
		9265FED91409AB5D00AE406E /* InfoPlist.strings */ = {
			isa = PBXVariantGroup;
			children = (
				9265FEDA1409AB5D00AE406E /* en */,
			);
			name = InfoPlist.strings;
			sourceTree = "<group>";
		};
/* End PBXVariantGroup section */

/* Begin XCBuildConfiguration section */
		9265FEE01409AB5D00AE406E /* Debug */ = {
			isa = XCBuildConfiguration;
			buildSettings = {
				ALWAYS_SEARCH_USER_PATHS = NO;
				ARCHS = "$(ARCHS_STANDARD_32_BIT)";
				"CODE_SIGN_IDENTITY[sdk=iphoneos*]" = "iPhone Developer";
				COPY_PHASE_STRIP = NO;
				GCC_C_LANGUAGE_STANDARD = gnu99;
				GCC_DYNAMIC_NO_PIC = NO;
				GCC_OPTIMIZATION_LEVEL = 0;
				GCC_PREPROCESSOR_DEFINITIONS = (
					"DEBUG=1",
					"$(inherited)",
				);
				GCC_SYMBOLS_PRIVATE_EXTERN = NO;
				GCC_VERSION = com.apple.compilers.llvmgcc42;
				GCC_WARN_ABOUT_MISSING_PROTOTYPES = YES;
				GCC_WARN_ABOUT_RETURN_TYPE = YES;
				GCC_WARN_UNUSED_VARIABLE = YES;
				IPHONEOS_DEPLOYMENT_TARGET = 4.3;
				SDKROOT = iphoneos;
			};
			name = Debug;
		};
		9265FEE11409AB5D00AE406E /* Release */ = {
			isa = XCBuildConfiguration;
			buildSettings = {
				ALWAYS_SEARCH_USER_PATHS = NO;
				ARCHS = "$(ARCHS_STANDARD_32_BIT)";
				"CODE_SIGN_IDENTITY[sdk=iphoneos*]" = "iPhone Developer";
				COPY_PHASE_STRIP = YES;
				GCC_C_LANGUAGE_STANDARD = gnu99;
				GCC_VERSION = com.apple.compilers.llvmgcc42;
				GCC_WARN_ABOUT_MISSING_PROTOTYPES = YES;
				GCC_WARN_ABOUT_RETURN_TYPE = YES;
				GCC_WARN_UNUSED_VARIABLE = YES;
				IPHONEOS_DEPLOYMENT_TARGET = 4.3;
				OTHER_CFLAGS = "-DNS_BLOCK_ASSERTIONS=1";
				SDKROOT = iphoneos;
				VALIDATE_PRODUCT = YES;
			};
			name = Release;
		};
		9265FEE31409AB5D00AE406E /* Debug */ = {
			isa = XCBuildConfiguration;
			buildSettings = {
				GCC_PRECOMPILE_PREFIX_HEADER = YES;
				GCC_PREFIX_HEADER = "RHITMobile/RHITMobile-Prefix.pch";
				INFOPLIST_FILE = "RHITMobile/RHITMobile-Info.plist";
				PRODUCT_NAME = "$(TARGET_NAME)";
				WRAPPER_EXTENSION = app;
			};
			name = Debug;
		};
		9265FEE41409AB5D00AE406E /* Release */ = {
			isa = XCBuildConfiguration;
			buildSettings = {
				GCC_PRECOMPILE_PREFIX_HEADER = YES;
				GCC_PREFIX_HEADER = "RHITMobile/RHITMobile-Prefix.pch";
				INFOPLIST_FILE = "RHITMobile/RHITMobile-Info.plist";
				PRODUCT_NAME = "$(TARGET_NAME)";
				WRAPPER_EXTENSION = app;
			};
			name = Release;
		};
		9265FEE61409AB5D00AE406E /* Debug */ = {
			isa = XCBuildConfiguration;
			buildSettings = {
				BUNDLE_LOADER = "$(BUILT_PRODUCTS_DIR)/RHITMobile.app/RHITMobile";
				FRAMEWORK_SEARCH_PATHS = (
					"$(SDKROOT)/Developer/Library/Frameworks",
					"$(DEVELOPER_LIBRARY_DIR)/Frameworks",
				);
				GCC_PRECOMPILE_PREFIX_HEADER = YES;
				GCC_PREFIX_HEADER = "RHITMobile/RHITMobile-Prefix.pch";
				INFOPLIST_FILE = "RHITMobileTests/RHITMobileTests-Info.plist";
				PRODUCT_NAME = "$(TARGET_NAME)";
				TEST_HOST = "$(BUNDLE_LOADER)";
				WRAPPER_EXTENSION = octest;
			};
			name = Debug;
		};
		9265FEE71409AB5D00AE406E /* Release */ = {
			isa = XCBuildConfiguration;
			buildSettings = {
				BUNDLE_LOADER = "$(BUILT_PRODUCTS_DIR)/RHITMobile.app/RHITMobile";
				FRAMEWORK_SEARCH_PATHS = (
					"$(SDKROOT)/Developer/Library/Frameworks",
					"$(DEVELOPER_LIBRARY_DIR)/Frameworks",
				);
				GCC_PRECOMPILE_PREFIX_HEADER = YES;
				GCC_PREFIX_HEADER = "RHITMobile/RHITMobile-Prefix.pch";
				INFOPLIST_FILE = "RHITMobileTests/RHITMobileTests-Info.plist";
				PRODUCT_NAME = "$(TARGET_NAME)";
				TEST_HOST = "$(BUNDLE_LOADER)";
				WRAPPER_EXTENSION = octest;
			};
			name = Release;
		};
/* End XCBuildConfiguration section */

/* Begin XCConfigurationList section */
		9265FE9E1409AB5C00AE406E /* Build configuration list for PBXProject "RHITMobile" */ = {
			isa = XCConfigurationList;
			buildConfigurations = (
				9265FEE01409AB5D00AE406E /* Debug */,
				9265FEE11409AB5D00AE406E /* Release */,
			);
			defaultConfigurationIsVisible = 0;
			defaultConfigurationName = Release;
		};
		9265FEE21409AB5D00AE406E /* Build configuration list for PBXNativeTarget "RHITMobile" */ = {
			isa = XCConfigurationList;
			buildConfigurations = (
				9265FEE31409AB5D00AE406E /* Debug */,
				9265FEE41409AB5D00AE406E /* Release */,
			);
			defaultConfigurationIsVisible = 0;
			defaultConfigurationName = Release;
		};
		9265FEE51409AB5D00AE406E /* Build configuration list for PBXNativeTarget "RHITMobileTests" */ = {
			isa = XCConfigurationList;
			buildConfigurations = (
				9265FEE61409AB5D00AE406E /* Debug */,
				9265FEE71409AB5D00AE406E /* Release */,
			);
			defaultConfigurationIsVisible = 0;
			defaultConfigurationName = Release;
		};
/* End XCConfigurationList section */

/* Begin XCVersionGroup section */
		923C841A14298DD500DFE415 /* Model.xcdatamodeld */ = {
			isa = XCVersionGroup;
			children = (
				923C841B14298DD500DFE415 /* Model.xcdatamodel */,
			);
			currentVersion = 923C841B14298DD500DFE415 /* Model.xcdatamodel */;
			path = Model.xcdatamodeld;
			sourceTree = "<group>";
			versionGroupType = wrapper.xcdatamodel;
		};
/* End XCVersionGroup section */
	};
	rootObject = 9265FE9B1409AB5C00AE406E /* Project object */;
}
