// !$*UTF8*$!
{
	archiveVersion = 1;
	classes = {
	};
	objectVersion = 46;
	objects = {

/* Begin PBXBuildFile section */
		9201A4651432E96000069863 /* RHLocationOverlay.m in Sources */ = {isa = PBXBuildFile; fileRef = 9201A4641432E96000069863 /* RHLocationOverlay.m */; };
		9208547F142BA28100BE55B8 /* RHNode.m in Sources */ = {isa = PBXBuildFile; fileRef = 9208547E142BA28100BE55B8 /* RHNode.m */; };
		92085493142BA3C300BE55B8 /* RHLabelNode.m in Sources */ = {isa = PBXBuildFile; fileRef = 92085492142BA3C300BE55B8 /* RHLabelNode.m */; };
		920FAF8714BEAA1800BC4614 /* RHServiceItem.m in Sources */ = {isa = PBXBuildFile; fileRef = 920FAF8614BEAA1800BC4614 /* RHServiceItem.m */; };
		920FAF8A14BEAA2300BC4614 /* RHServiceCategory.m in Sources */ = {isa = PBXBuildFile; fileRef = 920FAF8914BEAA2300BC4614 /* RHServiceCategory.m */; };
		921628191547A9A10017646C /* RHPathRequest.m in Sources */ = {isa = PBXBuildFile; fileRef = 921628181547A9A10017646C /* RHPathRequest.m */; };
		9218208D144113A800A66923 /* Default@2x.png in Resources */ = {isa = PBXBuildFile; fileRef = 9218208C144113A800A66923 /* Default@2x.png */; };
		9218208F144113B900A66923 /* Default.png in Resources */ = {isa = PBXBuildFile; fileRef = 9218208E144113B900A66923 /* Default.png */; };
		921F3C5D14EA22F700EDD02A /* RHMapDirectionsManager.m in Sources */ = {isa = PBXBuildFile; fileRef = 921F3C5C14EA22F700EDD02A /* RHMapDirectionsManager.m */; };
		9226030E1409AEF00065F705 /* MapKit.framework in Frameworks */ = {isa = PBXBuildFile; fileRef = 9226030D1409AEF00065F705 /* MapKit.framework */; };
		922603581409C9480065F705 /* LaunchIcon@2x.png in Resources */ = {isa = PBXBuildFile; fileRef = 922603571409C9480065F705 /* LaunchIcon@2x.png */; };
		9226035A1409C9680065F705 /* LaunchIcon.png in Resources */ = {isa = PBXBuildFile; fileRef = 922603591409C9680065F705 /* LaunchIcon.png */; };
		922F44A514985AE800D5C2C3 /* TabBarToursIcon.png in Resources */ = {isa = PBXBuildFile; fileRef = 922F44A314985AE800D5C2C3 /* TabBarToursIcon.png */; };
		922F44A614985AE800D5C2C3 /* TabBarToursIcon@2x.png in Resources */ = {isa = PBXBuildFile; fileRef = 922F44A414985AE800D5C2C3 /* TabBarToursIcon@2x.png */; };
		92312438144FB8470074791E /* RHLocationDetailViewController.m in Sources */ = {isa = PBXBuildFile; fileRef = 92312436144FB8470074791E /* RHLocationDetailViewController.m */; };
		9233415314DB10E9004C1ACC /* RHLocationsSearchRequester.m in Sources */ = {isa = PBXBuildFile; fileRef = 9233415214DB10E6004C1ACC /* RHLocationsSearchRequester.m */; };
		9233DD0F141BAA3500B9A549 /* RHAnnotation.m in Sources */ = {isa = PBXBuildFile; fileRef = 9233DD0E141BAA3500B9A549 /* RHAnnotation.m */; };
		9236CE9F144E3CBC00D0FB59 /* RHQuickListViewController.m in Sources */ = {isa = PBXBuildFile; fileRef = 9236CE9D144E3CBC00D0FB59 /* RHQuickListViewController.m */; };
		9236CEA6144F33C400D0FB59 /* RHPinAnnotationView.m in Sources */ = {isa = PBXBuildFile; fileRef = 9236CEA5144F33C400D0FB59 /* RHPinAnnotationView.m */; };
		923919451545EA8400D3C611 /* RHJSONRequest.m in Sources */ = {isa = PBXBuildFile; fileRef = 923919441545EA8400D3C611 /* RHJSONRequest.m */; };
		92391950154600F100D3C611 /* RHLocationsLoader.m in Sources */ = {isa = PBXBuildFile; fileRef = 9239194F154600F100D3C611 /* RHLocationsLoader.m */; };
		92391954154600FF00D3C611 /* RHCampusServicesLoader.m in Sources */ = {isa = PBXBuildFile; fileRef = 92391953154600FF00D3C611 /* RHCampusServicesLoader.m */; };
		923919571546011A00D3C611 /* RHTourTagsLoader.m in Sources */ = {isa = PBXBuildFile; fileRef = 923919561546011A00D3C611 /* RHTourTagsLoader.m */; };
		9239195A1546016C00D3C611 /* RHLoaderRequestsWrapper.m in Sources */ = {isa = PBXBuildFile; fileRef = 923919591546016C00D3C611 /* RHLoaderRequestsWrapper.m */; };
		9239195D1546018F00D3C611 /* RHDataVersionsLoader.m in Sources */ = {isa = PBXBuildFile; fileRef = 9239195C1546018F00D3C611 /* RHDataVersionsLoader.m */; };
		92391960154601F700D3C611 /* RHLoadersWrapper.m in Sources */ = {isa = PBXBuildFile; fileRef = 9239195F154601F700D3C611 /* RHLoadersWrapper.m */; };
		923C841414298C5800DFE415 /* CoreData.framework in Frameworks */ = {isa = PBXBuildFile; fileRef = 923C841314298C5800DFE415 /* CoreData.framework */; };
		923C841C14298DD500DFE415 /* RHDataModel.xcdatamodeld in Sources */ = {isa = PBXBuildFile; fileRef = 923C841A14298DD500DFE415 /* RHDataModel.xcdatamodeld */; };
		9246368C142BAAC700A5E399 /* RHLocation.m in Sources */ = {isa = PBXBuildFile; fileRef = 9246368B142BAAC700A5E399 /* RHLocation.m */; };
		92463690142BAB5300A5E399 /* RHBoundaryNode.m in Sources */ = {isa = PBXBuildFile; fileRef = 9246368F142BAB5300A5E399 /* RHBoundaryNode.m */; };
		92463698142BAE0A00A5E399 /* RHNavigationNode.m in Sources */ = {isa = PBXBuildFile; fileRef = 92463697142BAE0A00A5E399 /* RHNavigationNode.m */; };
		924DE4DA145E773800EEE8C6 /* TabBarInfoIcon.png in Resources */ = {isa = PBXBuildFile; fileRef = 924DE4D8145E773800EEE8C6 /* TabBarInfoIcon.png */; };
		924DE4DB145E773800EEE8C6 /* TabBarInfoIcon@2x.png in Resources */ = {isa = PBXBuildFile; fileRef = 924DE4D9145E773800EEE8C6 /* TabBarInfoIcon@2x.png */; };
		924DE4DE145E787D00EEE8C6 /* TabBarBetaIcon.png in Resources */ = {isa = PBXBuildFile; fileRef = 924DE4DC145E787D00EEE8C6 /* TabBarBetaIcon.png */; };
		924DE4DF145E787D00EEE8C6 /* TabBarBetaIcon@2x.png in Resources */ = {isa = PBXBuildFile; fileRef = 924DE4DD145E787D00EEE8C6 /* TabBarBetaIcon@2x.png */; };
		924DE4E3145E79A800EEE8C6 /* RHCampusServicesViewController.m in Sources */ = {isa = PBXBuildFile; fileRef = 924DE4E1145E79A800EEE8C6 /* RHCampusServicesViewController.m */; };
		924E754D140ACC9A001DFC4C /* TabBarMapIcon.png in Resources */ = {isa = PBXBuildFile; fileRef = 924E754C140ACC9A001DFC4C /* TabBarMapIcon.png */; };
		925465AA1495C69C00C12B81 /* RHWrappedCoordinate.m in Sources */ = {isa = PBXBuildFile; fileRef = 925465A91495C69C00C12B81 /* RHWrappedCoordinate.m */; };
		925465AE1495EB7F00C12B81 /* RHToursViewController.m in Sources */ = {isa = PBXBuildFile; fileRef = 925465AC1495EB7E00C12B81 /* RHToursViewController.m */; };
		926088A8144D2ADB0002D50E /* RHITMobileValues.plist in Resources */ = {isa = PBXBuildFile; fileRef = 926088A7144D2ADB0002D50E /* RHITMobileValues.plist */; };
		9265FEA91409AB5D00AE406E /* UIKit.framework in Frameworks */ = {isa = PBXBuildFile; fileRef = 9265FEA81409AB5D00AE406E /* UIKit.framework */; };
		9265FEAB1409AB5D00AE406E /* Foundation.framework in Frameworks */ = {isa = PBXBuildFile; fileRef = 9265FEAA1409AB5D00AE406E /* Foundation.framework */; };
		9265FEAD1409AB5D00AE406E /* CoreGraphics.framework in Frameworks */ = {isa = PBXBuildFile; fileRef = 9265FEAC1409AB5D00AE406E /* CoreGraphics.framework */; };
		9265FEB31409AB5D00AE406E /* InfoPlist.strings in Resources */ = {isa = PBXBuildFile; fileRef = 9265FEB11409AB5D00AE406E /* InfoPlist.strings */; };
		9265FEB51409AB5D00AE406E /* main.m in Sources */ = {isa = PBXBuildFile; fileRef = 9265FEB41409AB5D00AE406E /* main.m */; };
		9265FEB91409AB5D00AE406E /* RHAppDelegate.m in Sources */ = {isa = PBXBuildFile; fileRef = 9265FEB81409AB5D00AE406E /* RHAppDelegate.m */; };
		9265FEBF1409AB5D00AE406E /* RHMapViewController.m in Sources */ = {isa = PBXBuildFile; fileRef = 9265FEBE1409AB5D00AE406E /* RHMapViewController.m */; };
		9265FEC21409AB5D00AE406E /* RHSearchViewController.m in Sources */ = {isa = PBXBuildFile; fileRef = 9265FEC11409AB5D00AE406E /* RHSearchViewController.m */; };
		9265FEC81409AB5D00AE406E /* RHSearchViewController.xib in Resources */ = {isa = PBXBuildFile; fileRef = 9265FEC61409AB5D00AE406E /* RHSearchViewController.xib */; };
		9267C2561549AC700002F2D9 /* RHLocationSearchViewController.m in Sources */ = {isa = PBXBuildFile; fileRef = 9267C2551549AC700002F2D9 /* RHLocationSearchViewController.m */; };
		926C495115487DBE008FFA62 /* RHMainStoryboard.storyboard in Resources */ = {isa = PBXBuildFile; fileRef = 926C495015487DBE008FFA62 /* RHMainStoryboard.storyboard */; };
		926D397F143D2CE400223121 /* Settings.bundle in Resources */ = {isa = PBXBuildFile; fileRef = 926D397E143D2CE400223121 /* Settings.bundle */; };
		927866FF1432F35C00749C2E /* CoreLocation.framework in Frameworks */ = {isa = PBXBuildFile; fileRef = 927866FE1432F35C00749C2E /* CoreLocation.framework */; };
		9281A35B14C68C8D001D9837 /* CDataScanner.m in Sources */ = {isa = PBXBuildFile; fileRef = 9281A34614C68C8D001D9837 /* CDataScanner.m */; };
		9281A35C14C68C8D001D9837 /* CFilteringJSONSerializer.m in Sources */ = {isa = PBXBuildFile; fileRef = 9281A34914C68C8D001D9837 /* CFilteringJSONSerializer.m */; };
		9281A35D14C68C8D001D9837 /* CJSONSerialization.m in Sources */ = {isa = PBXBuildFile; fileRef = 9281A34B14C68C8D001D9837 /* CJSONSerialization.m */; };
		9281A35E14C68C8D001D9837 /* CJSONSerializedData.m in Sources */ = {isa = PBXBuildFile; fileRef = 9281A34D14C68C8D001D9837 /* CJSONSerializedData.m */; };
		9281A35F14C68C8D001D9837 /* CDataScanner_Extensions.m in Sources */ = {isa = PBXBuildFile; fileRef = 9281A35014C68C8D001D9837 /* CDataScanner_Extensions.m */; };
		9281A36014C68C8D001D9837 /* NSDictionary_JSONExtensions.m in Sources */ = {isa = PBXBuildFile; fileRef = 9281A35214C68C8D001D9837 /* NSDictionary_JSONExtensions.m */; };
		9281A36114C68C8D001D9837 /* CJSONDeserializer.m in Sources */ = {isa = PBXBuildFile; fileRef = 9281A35514C68C8D001D9837 /* CJSONDeserializer.m */; };
		9281A36214C68C8D001D9837 /* CJSONScanner.m in Sources */ = {isa = PBXBuildFile; fileRef = 9281A35714C68C8D001D9837 /* CJSONScanner.m */; settings = {COMPILER_FLAGS = "-w"; }; };
		9281A36314C68C8D001D9837 /* CJSONSerializer.m in Sources */ = {isa = PBXBuildFile; fileRef = 9281A35914C68C8D001D9837 /* CJSONSerializer.m */; };
		928B76E8144CBADA00D2F98D /* TabBarMapIcon@2x.png in Resources */ = {isa = PBXBuildFile; fileRef = 928B76E7144CBADA00D2F98D /* TabBarMapIcon@2x.png */; };
		92ADDE0814E3422400655869 /* RHPath.m in Sources */ = {isa = PBXBuildFile; fileRef = 92ADDE0714E3422400655869 /* RHPath.m */; };
		92ADDE1114E36CB100655869 /* RHLocationSelectorViewController.m in Sources */ = {isa = PBXBuildFile; fileRef = 92ADDE0F14E36CB000655869 /* RHLocationSelectorViewController.m */; };
		92ADDE1214E36CB100655869 /* RHLocationSelectorViewController.xib in Resources */ = {isa = PBXBuildFile; fileRef = 92ADDE1014E36CB000655869 /* RHLocationSelectorViewController.xib */; };
		92ADEE291459026600060A3F /* RHLocationLink.m in Sources */ = {isa = PBXBuildFile; fileRef = 92ADEE281459026600060A3F /* RHLocationLink.m */; };
		92ADEE2E14599D9500060A3F /* QuickListToolbarIcon.png in Resources */ = {isa = PBXBuildFile; fileRef = 92ADEE2C14599D9500060A3F /* QuickListToolbarIcon.png */; };
		92ADEE2F14599D9500060A3F /* QuickListToolbarIcon@2x.png in Resources */ = {isa = PBXBuildFile; fileRef = 92ADEE2D14599D9500060A3F /* QuickListToolbarIcon@2x.png */; };
		92ADEE321459BC5E00060A3F /* TabBarDirectoryIcon.png in Resources */ = {isa = PBXBuildFile; fileRef = 92ADEE301459BC5E00060A3F /* TabBarDirectoryIcon.png */; };
		92ADEE331459BC5E00060A3F /* TabBarDirectoryIcon@2x.png in Resources */ = {isa = PBXBuildFile; fileRef = 92ADEE311459BC5E00060A3F /* TabBarDirectoryIcon@2x.png */; };
		92B34D7D15477F520047B1BC /* RHLoader.m in Sources */ = {isa = PBXBuildFile; fileRef = 92B34D7C15477F520047B1BC /* RHLoader.m */; };
		92CEFC2314BEAA830085CEDB /* RHServiceLink.m in Sources */ = {isa = PBXBuildFile; fileRef = 92CEFC2214BEAA830085CEDB /* RHServiceLink.m */; };
		92CEFC2614BEAC6B0085CEDB /* RHPerson.m in Sources */ = {isa = PBXBuildFile; fileRef = 92CEFC2514BEAC6A0085CEDB /* RHPerson.m */; };
		92D3672814B60DE000EE0504 /* RHPersonDetailViewController.m in Sources */ = {isa = PBXBuildFile; fileRef = 92D3672614B60DE000EE0504 /* RHPersonDetailViewController.m */; };
		92D3672914B60DE000EE0504 /* RHPersonDetailViewController.xib in Resources */ = {isa = PBXBuildFile; fileRef = 92D3672714B60DE000EE0504 /* RHPersonDetailViewController.xib */; };
		92DFEACA141FD4E500889314 /* MKMapView+ZoomLevel.m in Sources */ = {isa = PBXBuildFile; fileRef = 92DFEAC9141FD4E500889314 /* MKMapView+ZoomLevel.m */; };
		92DFEAD01420245F00889314 /* RHAnnotationView.m in Sources */ = {isa = PBXBuildFile; fileRef = 92DFEACF1420245F00889314 /* RHAnnotationView.m */; };
		92DFEAD414203C6400889314 /* RHMapLabel.m in Sources */ = {isa = PBXBuildFile; fileRef = 92DFEAD314203C6400889314 /* RHMapLabel.m */; };
		92E1AA7F1487115F0005BF34 /* RHWebRequestMaker.m in Sources */ = {isa = PBXBuildFile; fileRef = 92E1AA7E1487115F0005BF34 /* RHWebRequestMaker.m */; };
		92F1B8B51496F67900F7FFD8 /* RHPathStep.m in Sources */ = {isa = PBXBuildFile; fileRef = 92F1B8B41496F67900F7FFD8 /* RHPathStep.m */; };
		92F1B8B914972AE600F7FFD8 /* RHSimplePointAnnotation.m in Sources */ = {isa = PBXBuildFile; fileRef = 92F1B8B814972AE600F7FFD8 /* RHSimplePointAnnotation.m */; };
		92F20F6D1464383200603500 /* RHWebViewController.m in Sources */ = {isa = PBXBuildFile; fileRef = 92F20F6B1464383200603500 /* RHWebViewController.m */; };
		92F5F21614DFC3C000324ACE /* RHTourItem.m in Sources */ = {isa = PBXBuildFile; fileRef = 92F5F21514DFC3C000324ACE /* RHTourItem.m */; };
		92F5F21C14DFC3E400324ACE /* RHTourTag.m in Sources */ = {isa = PBXBuildFile; fileRef = 92F5F21B14DFC3E400324ACE /* RHTourTag.m */; };
		92F5F21F14DFC3F900324ACE /* RHTourTagCategory.m in Sources */ = {isa = PBXBuildFile; fileRef = 92F5F21E14DFC3F900324ACE /* RHTourTagCategory.m */; };
		92FFAC5714E0E5F700240458 /* RHTagsBasketViewController.m in Sources */ = {isa = PBXBuildFile; fileRef = 92FFAC5514E0E5F700240458 /* RHTagsBasketViewController.m */; };
		92FFAC5D14E0F2C100240458 /* RHTagSelectionViewController.m in Sources */ = {isa = PBXBuildFile; fileRef = 92FFAC5B14E0F2C000240458 /* RHTagSelectionViewController.m */; };
/* End PBXBuildFile section */

/* Begin PBXFileReference section */
		9201A4611432CA2600069863 /* RHAnnotationViewDelegate.h */ = {isa = PBXFileReference; fileEncoding = 4; lastKnownFileType = sourcecode.c.h; path = RHAnnotationViewDelegate.h; sourceTree = "<group>"; };
		9201A4631432E96000069863 /* RHLocationOverlay.h */ = {isa = PBXFileReference; fileEncoding = 4; lastKnownFileType = sourcecode.c.h; path = RHLocationOverlay.h; sourceTree = "<group>"; };
		9201A4641432E96000069863 /* RHLocationOverlay.m */ = {isa = PBXFileReference; fileEncoding = 4; lastKnownFileType = sourcecode.c.objc; path = RHLocationOverlay.m; sourceTree = "<group>"; };
		9208547D142BA28100BE55B8 /* RHNode.h */ = {isa = PBXFileReference; fileEncoding = 4; lastKnownFileType = sourcecode.c.h; path = RHNode.h; sourceTree = "<group>"; };
		9208547E142BA28100BE55B8 /* RHNode.m */ = {isa = PBXFileReference; fileEncoding = 4; lastKnownFileType = sourcecode.c.objc; path = RHNode.m; sourceTree = "<group>"; };
		92085491142BA3C300BE55B8 /* RHLabelNode.h */ = {isa = PBXFileReference; fileEncoding = 4; lastKnownFileType = sourcecode.c.h; path = RHLabelNode.h; sourceTree = "<group>"; };
		92085492142BA3C300BE55B8 /* RHLabelNode.m */ = {isa = PBXFileReference; fileEncoding = 4; lastKnownFileType = sourcecode.c.objc; path = RHLabelNode.m; sourceTree = "<group>"; };
		920FAF8514BEAA1800BC4614 /* RHServiceItem.h */ = {isa = PBXFileReference; fileEncoding = 4; lastKnownFileType = sourcecode.c.h; path = RHServiceItem.h; sourceTree = "<group>"; };
		920FAF8614BEAA1800BC4614 /* RHServiceItem.m */ = {isa = PBXFileReference; fileEncoding = 4; lastKnownFileType = sourcecode.c.objc; path = RHServiceItem.m; sourceTree = "<group>"; };
		920FAF8814BEAA2300BC4614 /* RHServiceCategory.h */ = {isa = PBXFileReference; fileEncoding = 4; lastKnownFileType = sourcecode.c.h; path = RHServiceCategory.h; sourceTree = "<group>"; };
		920FAF8914BEAA2300BC4614 /* RHServiceCategory.m */ = {isa = PBXFileReference; fileEncoding = 4; lastKnownFileType = sourcecode.c.objc; path = RHServiceCategory.m; sourceTree = "<group>"; };
		921628171547A9A10017646C /* RHPathRequest.h */ = {isa = PBXFileReference; fileEncoding = 4; lastKnownFileType = sourcecode.c.h; path = RHPathRequest.h; sourceTree = "<group>"; };
		921628181547A9A10017646C /* RHPathRequest.m */ = {isa = PBXFileReference; fileEncoding = 4; lastKnownFileType = sourcecode.c.objc; path = RHPathRequest.m; sourceTree = "<group>"; };
		9218208C144113A800A66923 /* Default@2x.png */ = {isa = PBXFileReference; lastKnownFileType = image.png; path = "Default@2x.png"; sourceTree = "<group>"; };
		9218208E144113B900A66923 /* Default.png */ = {isa = PBXFileReference; lastKnownFileType = image.png; path = Default.png; sourceTree = "<group>"; };
		921F3C5B14EA22F700EDD02A /* RHMapDirectionsManager.h */ = {isa = PBXFileReference; fileEncoding = 4; lastKnownFileType = sourcecode.c.h; path = RHMapDirectionsManager.h; sourceTree = "<group>"; };
		921F3C5C14EA22F700EDD02A /* RHMapDirectionsManager.m */ = {isa = PBXFileReference; fileEncoding = 4; lastKnownFileType = sourcecode.c.objc; path = RHMapDirectionsManager.m; sourceTree = "<group>"; };
		9226030D1409AEF00065F705 /* MapKit.framework */ = {isa = PBXFileReference; lastKnownFileType = wrapper.framework; name = MapKit.framework; path = System/Library/Frameworks/MapKit.framework; sourceTree = SDKROOT; };
		922603571409C9480065F705 /* LaunchIcon@2x.png */ = {isa = PBXFileReference; lastKnownFileType = image.png; path = "LaunchIcon@2x.png"; sourceTree = "<group>"; };
		922603591409C9680065F705 /* LaunchIcon.png */ = {isa = PBXFileReference; lastKnownFileType = image.png; path = LaunchIcon.png; sourceTree = "<group>"; };
		922F44A314985AE800D5C2C3 /* TabBarToursIcon.png */ = {isa = PBXFileReference; lastKnownFileType = image.png; path = TabBarToursIcon.png; sourceTree = "<group>"; };
		922F44A414985AE800D5C2C3 /* TabBarToursIcon@2x.png */ = {isa = PBXFileReference; lastKnownFileType = image.png; path = "TabBarToursIcon@2x.png"; sourceTree = "<group>"; };
		92312435144FB8470074791E /* RHLocationDetailViewController.h */ = {isa = PBXFileReference; fileEncoding = 4; lastKnownFileType = sourcecode.c.h; path = RHLocationDetailViewController.h; sourceTree = "<group>"; };
		92312436144FB8470074791E /* RHLocationDetailViewController.m */ = {isa = PBXFileReference; fileEncoding = 4; lastKnownFileType = sourcecode.c.objc; path = RHLocationDetailViewController.m; sourceTree = "<group>"; };
		9233413614DA2C6E004C1ACC /* RHDataModel 2.xcdatamodel */ = {isa = PBXFileReference; lastKnownFileType = wrapper.xcdatamodel; path = "RHDataModel 2.xcdatamodel"; sourceTree = "<group>"; };
		9233415114DB10E4004C1ACC /* RHLocationsSearchRequester.h */ = {isa = PBXFileReference; fileEncoding = 4; lastKnownFileType = sourcecode.c.h; path = RHLocationsSearchRequester.h; sourceTree = "<group>"; };
		9233415214DB10E6004C1ACC /* RHLocationsSearchRequester.m */ = {isa = PBXFileReference; fileEncoding = 4; lastKnownFileType = sourcecode.c.objc; path = RHLocationsSearchRequester.m; sourceTree = "<group>"; };
		9233415414DB1113004C1ACC /* RHLocationsSearchRequesterDelegate.h */ = {isa = PBXFileReference; fileEncoding = 4; lastKnownFileType = sourcecode.c.h; path = RHLocationsSearchRequesterDelegate.h; sourceTree = "<group>"; };
		9233DD0D141BAA3500B9A549 /* RHAnnotation.h */ = {isa = PBXFileReference; fileEncoding = 4; lastKnownFileType = sourcecode.c.h; path = RHAnnotation.h; sourceTree = "<group>"; };
		9233DD0E141BAA3500B9A549 /* RHAnnotation.m */ = {isa = PBXFileReference; fileEncoding = 4; lastKnownFileType = sourcecode.c.objc; path = RHAnnotation.m; sourceTree = "<group>"; };
		9236CE9C144E3CBC00D0FB59 /* RHQuickListViewController.h */ = {isa = PBXFileReference; fileEncoding = 4; lastKnownFileType = sourcecode.c.h; path = RHQuickListViewController.h; sourceTree = "<group>"; };
		9236CE9D144E3CBC00D0FB59 /* RHQuickListViewController.m */ = {isa = PBXFileReference; fileEncoding = 4; lastKnownFileType = sourcecode.c.objc; path = RHQuickListViewController.m; sourceTree = "<group>"; };
		9236CEA4144F33C300D0FB59 /* RHPinAnnotationView.h */ = {isa = PBXFileReference; fileEncoding = 4; lastKnownFileType = sourcecode.c.h; path = RHPinAnnotationView.h; sourceTree = "<group>"; };
		9236CEA5144F33C400D0FB59 /* RHPinAnnotationView.m */ = {isa = PBXFileReference; fileEncoding = 4; lastKnownFileType = sourcecode.c.objc; path = RHPinAnnotationView.m; sourceTree = "<group>"; };
		923919431545EA8400D3C611 /* RHJSONRequest.h */ = {isa = PBXFileReference; fileEncoding = 4; lastKnownFileType = sourcecode.c.h; path = RHJSONRequest.h; sourceTree = "<group>"; };
		923919441545EA8400D3C611 /* RHJSONRequest.m */ = {isa = PBXFileReference; fileEncoding = 4; lastKnownFileType = sourcecode.c.objc; path = RHJSONRequest.m; sourceTree = "<group>"; };
		9239194E154600F100D3C611 /* RHLocationsLoader.h */ = {isa = PBXFileReference; fileEncoding = 4; lastKnownFileType = sourcecode.c.h; path = RHLocationsLoader.h; sourceTree = "<group>"; };
		9239194F154600F100D3C611 /* RHLocationsLoader.m */ = {isa = PBXFileReference; fileEncoding = 4; lastKnownFileType = sourcecode.c.objc; path = RHLocationsLoader.m; sourceTree = "<group>"; };
		92391952154600FF00D3C611 /* RHCampusServicesLoader.h */ = {isa = PBXFileReference; fileEncoding = 4; lastKnownFileType = sourcecode.c.h; path = RHCampusServicesLoader.h; sourceTree = "<group>"; };
		92391953154600FF00D3C611 /* RHCampusServicesLoader.m */ = {isa = PBXFileReference; fileEncoding = 4; lastKnownFileType = sourcecode.c.objc; path = RHCampusServicesLoader.m; sourceTree = "<group>"; };
		923919551546011A00D3C611 /* RHTourTagsLoader.h */ = {isa = PBXFileReference; fileEncoding = 4; lastKnownFileType = sourcecode.c.h; path = RHTourTagsLoader.h; sourceTree = "<group>"; };
		923919561546011A00D3C611 /* RHTourTagsLoader.m */ = {isa = PBXFileReference; fileEncoding = 4; lastKnownFileType = sourcecode.c.objc; path = RHTourTagsLoader.m; sourceTree = "<group>"; };
		923919581546016C00D3C611 /* RHLoaderRequestsWrapper.h */ = {isa = PBXFileReference; fileEncoding = 4; lastKnownFileType = sourcecode.c.h; path = RHLoaderRequestsWrapper.h; sourceTree = "<group>"; };
		923919591546016C00D3C611 /* RHLoaderRequestsWrapper.m */ = {isa = PBXFileReference; fileEncoding = 4; lastKnownFileType = sourcecode.c.objc; path = RHLoaderRequestsWrapper.m; sourceTree = "<group>"; };
		9239195B1546018F00D3C611 /* RHDataVersionsLoader.h */ = {isa = PBXFileReference; fileEncoding = 4; lastKnownFileType = sourcecode.c.h; path = RHDataVersionsLoader.h; sourceTree = "<group>"; };
		9239195C1546018F00D3C611 /* RHDataVersionsLoader.m */ = {isa = PBXFileReference; fileEncoding = 4; lastKnownFileType = sourcecode.c.objc; path = RHDataVersionsLoader.m; sourceTree = "<group>"; };
		9239195E154601F700D3C611 /* RHLoadersWrapper.h */ = {isa = PBXFileReference; fileEncoding = 4; lastKnownFileType = sourcecode.c.h; path = RHLoadersWrapper.h; sourceTree = "<group>"; };
		9239195F154601F700D3C611 /* RHLoadersWrapper.m */ = {isa = PBXFileReference; fileEncoding = 4; lastKnownFileType = sourcecode.c.objc; path = RHLoadersWrapper.m; sourceTree = "<group>"; };
		923C841314298C5800DFE415 /* CoreData.framework */ = {isa = PBXFileReference; lastKnownFileType = wrapper.framework; name = CoreData.framework; path = System/Library/Frameworks/CoreData.framework; sourceTree = SDKROOT; };
		923C841B14298DD500DFE415 /* RHDataModel.xcdatamodel */ = {isa = PBXFileReference; lastKnownFileType = wrapper.xcdatamodel; path = RHDataModel.xcdatamodel; sourceTree = "<group>"; };
		9246368A142BAAC700A5E399 /* RHLocation.h */ = {isa = PBXFileReference; fileEncoding = 4; lastKnownFileType = sourcecode.c.h; path = RHLocation.h; sourceTree = "<group>"; };
		9246368B142BAAC700A5E399 /* RHLocation.m */ = {isa = PBXFileReference; fileEncoding = 4; lastKnownFileType = sourcecode.c.objc; path = RHLocation.m; sourceTree = "<group>"; };
		9246368E142BAB5300A5E399 /* RHBoundaryNode.h */ = {isa = PBXFileReference; fileEncoding = 4; lastKnownFileType = sourcecode.c.h; path = RHBoundaryNode.h; sourceTree = "<group>"; };
		9246368F142BAB5300A5E399 /* RHBoundaryNode.m */ = {isa = PBXFileReference; fileEncoding = 4; lastKnownFileType = sourcecode.c.objc; path = RHBoundaryNode.m; sourceTree = "<group>"; };
		92463696142BAE0900A5E399 /* RHNavigationNode.h */ = {isa = PBXFileReference; fileEncoding = 4; lastKnownFileType = sourcecode.c.h; path = RHNavigationNode.h; sourceTree = "<group>"; };
		92463697142BAE0A00A5E399 /* RHNavigationNode.m */ = {isa = PBXFileReference; fileEncoding = 4; lastKnownFileType = sourcecode.c.objc; path = RHNavigationNode.m; sourceTree = "<group>"; };
		924DE4D8145E773800EEE8C6 /* TabBarInfoIcon.png */ = {isa = PBXFileReference; lastKnownFileType = image.png; path = TabBarInfoIcon.png; sourceTree = "<group>"; };
		924DE4D9145E773800EEE8C6 /* TabBarInfoIcon@2x.png */ = {isa = PBXFileReference; lastKnownFileType = image.png; path = "TabBarInfoIcon@2x.png"; sourceTree = "<group>"; };
		924DE4DC145E787D00EEE8C6 /* TabBarBetaIcon.png */ = {isa = PBXFileReference; lastKnownFileType = image.png; path = TabBarBetaIcon.png; sourceTree = "<group>"; };
		924DE4DD145E787D00EEE8C6 /* TabBarBetaIcon@2x.png */ = {isa = PBXFileReference; lastKnownFileType = image.png; path = "TabBarBetaIcon@2x.png"; sourceTree = "<group>"; };
		924DE4E0145E79A800EEE8C6 /* RHCampusServicesViewController.h */ = {isa = PBXFileReference; fileEncoding = 4; lastKnownFileType = sourcecode.c.h; path = RHCampusServicesViewController.h; sourceTree = "<group>"; };
		924DE4E1145E79A800EEE8C6 /* RHCampusServicesViewController.m */ = {isa = PBXFileReference; fileEncoding = 4; lastKnownFileType = sourcecode.c.objc; path = RHCampusServicesViewController.m; sourceTree = "<group>"; };
		924E754C140ACC9A001DFC4C /* TabBarMapIcon.png */ = {isa = PBXFileReference; lastKnownFileType = image.png; path = TabBarMapIcon.png; sourceTree = "<group>"; };
		925465A81495C69B00C12B81 /* RHWrappedCoordinate.h */ = {isa = PBXFileReference; fileEncoding = 4; lastKnownFileType = sourcecode.c.h; path = RHWrappedCoordinate.h; sourceTree = "<group>"; };
		925465A91495C69C00C12B81 /* RHWrappedCoordinate.m */ = {isa = PBXFileReference; fileEncoding = 4; lastKnownFileType = sourcecode.c.objc; path = RHWrappedCoordinate.m; sourceTree = "<group>"; };
		925465AB1495EB7E00C12B81 /* RHToursViewController.h */ = {isa = PBXFileReference; fileEncoding = 4; lastKnownFileType = sourcecode.c.h; path = RHToursViewController.h; sourceTree = "<group>"; };
		925465AC1495EB7E00C12B81 /* RHToursViewController.m */ = {isa = PBXFileReference; fileEncoding = 4; lastKnownFileType = sourcecode.c.objc; path = RHToursViewController.m; sourceTree = "<group>"; };
		926088A7144D2ADB0002D50E /* RHITMobileValues.plist */ = {isa = PBXFileReference; fileEncoding = 4; lastKnownFileType = text.plist.xml; path = RHITMobileValues.plist; sourceTree = "<group>"; };
		9265FEA41409AB5D00AE406E /* RHITMobile.app */ = {isa = PBXFileReference; explicitFileType = wrapper.application; includeInIndex = 0; path = RHITMobile.app; sourceTree = BUILT_PRODUCTS_DIR; };
		9265FEA81409AB5D00AE406E /* UIKit.framework */ = {isa = PBXFileReference; lastKnownFileType = wrapper.framework; name = UIKit.framework; path = System/Library/Frameworks/UIKit.framework; sourceTree = SDKROOT; };
		9265FEAA1409AB5D00AE406E /* Foundation.framework */ = {isa = PBXFileReference; lastKnownFileType = wrapper.framework; name = Foundation.framework; path = System/Library/Frameworks/Foundation.framework; sourceTree = SDKROOT; };
		9265FEAC1409AB5D00AE406E /* CoreGraphics.framework */ = {isa = PBXFileReference; lastKnownFileType = wrapper.framework; name = CoreGraphics.framework; path = System/Library/Frameworks/CoreGraphics.framework; sourceTree = SDKROOT; };
		9265FEB01409AB5D00AE406E /* RHITMobile-Info.plist */ = {isa = PBXFileReference; lastKnownFileType = text.plist.xml; path = "RHITMobile-Info.plist"; sourceTree = "<group>"; };
		9265FEB21409AB5D00AE406E /* en */ = {isa = PBXFileReference; lastKnownFileType = text.plist.strings; name = en; path = en.lproj/InfoPlist.strings; sourceTree = "<group>"; };
		9265FEB41409AB5D00AE406E /* main.m */ = {isa = PBXFileReference; lastKnownFileType = sourcecode.c.objc; path = main.m; sourceTree = "<group>"; };
		9265FEB61409AB5D00AE406E /* RHITMobile-Prefix.pch */ = {isa = PBXFileReference; lastKnownFileType = sourcecode.c.h; path = "RHITMobile-Prefix.pch"; sourceTree = "<group>"; };
		9265FEB71409AB5D00AE406E /* RHAppDelegate.h */ = {isa = PBXFileReference; lastKnownFileType = sourcecode.c.h; path = RHAppDelegate.h; sourceTree = "<group>"; };
		9265FEB81409AB5D00AE406E /* RHAppDelegate.m */ = {isa = PBXFileReference; lastKnownFileType = sourcecode.c.objc; path = RHAppDelegate.m; sourceTree = "<group>"; };
		9265FEBD1409AB5D00AE406E /* RHMapViewController.h */ = {isa = PBXFileReference; lastKnownFileType = sourcecode.c.h; path = RHMapViewController.h; sourceTree = "<group>"; };
		9265FEBE1409AB5D00AE406E /* RHMapViewController.m */ = {isa = PBXFileReference; lastKnownFileType = sourcecode.c.objc; path = RHMapViewController.m; sourceTree = "<group>"; };
		9265FEC01409AB5D00AE406E /* RHSearchViewController.h */ = {isa = PBXFileReference; lastKnownFileType = sourcecode.c.h; path = RHSearchViewController.h; sourceTree = "<group>"; };
		9265FEC11409AB5D00AE406E /* RHSearchViewController.m */ = {isa = PBXFileReference; lastKnownFileType = sourcecode.c.objc; path = RHSearchViewController.m; sourceTree = "<group>"; };
		9265FEC71409AB5D00AE406E /* en */ = {isa = PBXFileReference; lastKnownFileType = file.xib; name = en; path = en.lproj/RHSearchViewController.xib; sourceTree = "<group>"; };
		9265FECF1409AB5D00AE406E /* SenTestingKit.framework */ = {isa = PBXFileReference; lastKnownFileType = wrapper.framework; name = SenTestingKit.framework; path = Library/Frameworks/SenTestingKit.framework; sourceTree = DEVELOPER_DIR; };
		9267C2541549AC700002F2D9 /* RHLocationSearchViewController.h */ = {isa = PBXFileReference; fileEncoding = 4; lastKnownFileType = sourcecode.c.h; path = RHLocationSearchViewController.h; sourceTree = "<group>"; };
		9267C2551549AC700002F2D9 /* RHLocationSearchViewController.m */ = {isa = PBXFileReference; fileEncoding = 4; lastKnownFileType = sourcecode.c.objc; path = RHLocationSearchViewController.m; sourceTree = "<group>"; };
		926C495015487DBE008FFA62 /* RHMainStoryboard.storyboard */ = {isa = PBXFileReference; fileEncoding = 4; lastKnownFileType = file.storyboard; path = RHMainStoryboard.storyboard; sourceTree = "<group>"; };
		926D397E143D2CE400223121 /* Settings.bundle */ = {isa = PBXFileReference; lastKnownFileType = "wrapper.plug-in"; path = Settings.bundle; sourceTree = "<group>"; };
		927866FE1432F35C00749C2E /* CoreLocation.framework */ = {isa = PBXFileReference; lastKnownFileType = wrapper.framework; name = CoreLocation.framework; path = System/Library/Frameworks/CoreLocation.framework; sourceTree = SDKROOT; };
		927867011432F36500749C2E /* CoreLocation.framework */ = {isa = PBXFileReference; lastKnownFileType = wrapper.framework; name = CoreLocation.framework; path = System/Library/Frameworks/CoreLocation.framework; sourceTree = SDKROOT; };
		9281A34514C68C8D001D9837 /* CDataScanner.h */ = {isa = PBXFileReference; fileEncoding = 4; lastKnownFileType = sourcecode.c.h; path = CDataScanner.h; sourceTree = "<group>"; };
		9281A34614C68C8D001D9837 /* CDataScanner.m */ = {isa = PBXFileReference; fileEncoding = 4; lastKnownFileType = sourcecode.c.objc; path = CDataScanner.m; sourceTree = "<group>"; };
		9281A34814C68C8D001D9837 /* CFilteringJSONSerializer.h */ = {isa = PBXFileReference; fileEncoding = 4; lastKnownFileType = sourcecode.c.h; path = CFilteringJSONSerializer.h; sourceTree = "<group>"; };
		9281A34914C68C8D001D9837 /* CFilteringJSONSerializer.m */ = {isa = PBXFileReference; fileEncoding = 4; lastKnownFileType = sourcecode.c.objc; path = CFilteringJSONSerializer.m; sourceTree = "<group>"; };
		9281A34A14C68C8D001D9837 /* CJSONSerialization.h */ = {isa = PBXFileReference; fileEncoding = 4; lastKnownFileType = sourcecode.c.h; path = CJSONSerialization.h; sourceTree = "<group>"; };
		9281A34B14C68C8D001D9837 /* CJSONSerialization.m */ = {isa = PBXFileReference; fileEncoding = 4; lastKnownFileType = sourcecode.c.objc; path = CJSONSerialization.m; sourceTree = "<group>"; };
		9281A34C14C68C8D001D9837 /* CJSONSerializedData.h */ = {isa = PBXFileReference; fileEncoding = 4; lastKnownFileType = sourcecode.c.h; path = CJSONSerializedData.h; sourceTree = "<group>"; };
		9281A34D14C68C8D001D9837 /* CJSONSerializedData.m */ = {isa = PBXFileReference; fileEncoding = 4; lastKnownFileType = sourcecode.c.objc; path = CJSONSerializedData.m; sourceTree = "<group>"; };
		9281A34F14C68C8D001D9837 /* CDataScanner_Extensions.h */ = {isa = PBXFileReference; fileEncoding = 4; lastKnownFileType = sourcecode.c.h; path = CDataScanner_Extensions.h; sourceTree = "<group>"; };
		9281A35014C68C8D001D9837 /* CDataScanner_Extensions.m */ = {isa = PBXFileReference; fileEncoding = 4; lastKnownFileType = sourcecode.c.objc; path = CDataScanner_Extensions.m; sourceTree = "<group>"; };
		9281A35114C68C8D001D9837 /* NSDictionary_JSONExtensions.h */ = {isa = PBXFileReference; fileEncoding = 4; lastKnownFileType = sourcecode.c.h; path = NSDictionary_JSONExtensions.h; sourceTree = "<group>"; };
		9281A35214C68C8D001D9837 /* NSDictionary_JSONExtensions.m */ = {isa = PBXFileReference; fileEncoding = 4; lastKnownFileType = sourcecode.c.objc; path = NSDictionary_JSONExtensions.m; sourceTree = "<group>"; };
		9281A35414C68C8D001D9837 /* CJSONDeserializer.h */ = {isa = PBXFileReference; fileEncoding = 4; lastKnownFileType = sourcecode.c.h; path = CJSONDeserializer.h; sourceTree = "<group>"; };
		9281A35514C68C8D001D9837 /* CJSONDeserializer.m */ = {isa = PBXFileReference; fileEncoding = 4; lastKnownFileType = sourcecode.c.objc; path = CJSONDeserializer.m; sourceTree = "<group>"; };
		9281A35614C68C8D001D9837 /* CJSONScanner.h */ = {isa = PBXFileReference; fileEncoding = 4; lastKnownFileType = sourcecode.c.h; path = CJSONScanner.h; sourceTree = "<group>"; };
		9281A35714C68C8D001D9837 /* CJSONScanner.m */ = {isa = PBXFileReference; fileEncoding = 4; lastKnownFileType = sourcecode.c.objc; path = CJSONScanner.m; sourceTree = "<group>"; };
		9281A35814C68C8D001D9837 /* CJSONSerializer.h */ = {isa = PBXFileReference; fileEncoding = 4; lastKnownFileType = sourcecode.c.h; path = CJSONSerializer.h; sourceTree = "<group>"; };
		9281A35914C68C8D001D9837 /* CJSONSerializer.m */ = {isa = PBXFileReference; fileEncoding = 4; lastKnownFileType = sourcecode.c.objc; path = CJSONSerializer.m; sourceTree = "<group>"; };
		9281A35A14C68C8D001D9837 /* JSONRepresentation.h */ = {isa = PBXFileReference; fileEncoding = 4; lastKnownFileType = sourcecode.c.h; path = JSONRepresentation.h; sourceTree = "<group>"; };
		928B76E7144CBADA00D2F98D /* TabBarMapIcon@2x.png */ = {isa = PBXFileReference; lastKnownFileType = image.png; path = "TabBarMapIcon@2x.png"; sourceTree = "<group>"; };
		929488F9142CD65500820A9C /* CoreData.framework */ = {isa = PBXFileReference; lastKnownFileType = wrapper.framework; name = CoreData.framework; path = System/Library/Frameworks/CoreData.framework; sourceTree = SDKROOT; };
		92ADDE0614E3422400655869 /* RHPath.h */ = {isa = PBXFileReference; fileEncoding = 4; lastKnownFileType = sourcecode.c.h; path = RHPath.h; sourceTree = "<group>"; };
		92ADDE0714E3422400655869 /* RHPath.m */ = {isa = PBXFileReference; fileEncoding = 4; lastKnownFileType = sourcecode.c.objc; path = RHPath.m; sourceTree = "<group>"; };
		92ADDE0E14E36CB000655869 /* RHLocationSelectorViewController.h */ = {isa = PBXFileReference; fileEncoding = 4; lastKnownFileType = sourcecode.c.h; path = RHLocationSelectorViewController.h; sourceTree = "<group>"; };
		92ADDE0F14E36CB000655869 /* RHLocationSelectorViewController.m */ = {isa = PBXFileReference; fileEncoding = 4; lastKnownFileType = sourcecode.c.objc; path = RHLocationSelectorViewController.m; sourceTree = "<group>"; };
		92ADDE1014E36CB000655869 /* RHLocationSelectorViewController.xib */ = {isa = PBXFileReference; fileEncoding = 4; lastKnownFileType = file.xib; path = RHLocationSelectorViewController.xib; sourceTree = "<group>"; };
		92ADEE271459026600060A3F /* RHLocationLink.h */ = {isa = PBXFileReference; fileEncoding = 4; lastKnownFileType = sourcecode.c.h; path = RHLocationLink.h; sourceTree = "<group>"; };
		92ADEE281459026600060A3F /* RHLocationLink.m */ = {isa = PBXFileReference; fileEncoding = 4; lastKnownFileType = sourcecode.c.objc; path = RHLocationLink.m; sourceTree = "<group>"; };
		92ADEE2C14599D9500060A3F /* QuickListToolbarIcon.png */ = {isa = PBXFileReference; lastKnownFileType = image.png; path = QuickListToolbarIcon.png; sourceTree = "<group>"; };
		92ADEE2D14599D9500060A3F /* QuickListToolbarIcon@2x.png */ = {isa = PBXFileReference; lastKnownFileType = image.png; path = "QuickListToolbarIcon@2x.png"; sourceTree = "<group>"; };
		92ADEE301459BC5E00060A3F /* TabBarDirectoryIcon.png */ = {isa = PBXFileReference; lastKnownFileType = image.png; path = TabBarDirectoryIcon.png; sourceTree = "<group>"; };
		92ADEE311459BC5E00060A3F /* TabBarDirectoryIcon@2x.png */ = {isa = PBXFileReference; lastKnownFileType = image.png; path = "TabBarDirectoryIcon@2x.png"; sourceTree = "<group>"; };
		92B34D7B15477F520047B1BC /* RHLoader.h */ = {isa = PBXFileReference; fileEncoding = 4; lastKnownFileType = sourcecode.c.h; path = RHLoader.h; sourceTree = "<group>"; };
		92B34D7C15477F520047B1BC /* RHLoader.m */ = {isa = PBXFileReference; fileEncoding = 4; lastKnownFileType = sourcecode.c.objc; path = RHLoader.m; sourceTree = "<group>"; };
		92CEFC2114BEAA830085CEDB /* RHServiceLink.h */ = {isa = PBXFileReference; fileEncoding = 4; lastKnownFileType = sourcecode.c.h; path = RHServiceLink.h; sourceTree = "<group>"; };
		92CEFC2214BEAA830085CEDB /* RHServiceLink.m */ = {isa = PBXFileReference; fileEncoding = 4; lastKnownFileType = sourcecode.c.objc; path = RHServiceLink.m; sourceTree = "<group>"; };
		92CEFC2414BEAC6A0085CEDB /* RHPerson.h */ = {isa = PBXFileReference; fileEncoding = 4; lastKnownFileType = sourcecode.c.h; path = RHPerson.h; sourceTree = "<group>"; };
		92CEFC2514BEAC6A0085CEDB /* RHPerson.m */ = {isa = PBXFileReference; fileEncoding = 4; lastKnownFileType = sourcecode.c.objc; path = RHPerson.m; sourceTree = "<group>"; };
		92D3672514B60DE000EE0504 /* RHPersonDetailViewController.h */ = {isa = PBXFileReference; fileEncoding = 4; lastKnownFileType = sourcecode.c.h; path = RHPersonDetailViewController.h; sourceTree = "<group>"; };
		92D3672614B60DE000EE0504 /* RHPersonDetailViewController.m */ = {isa = PBXFileReference; fileEncoding = 4; lastKnownFileType = sourcecode.c.objc; path = RHPersonDetailViewController.m; sourceTree = "<group>"; };
		92D3672714B60DE000EE0504 /* RHPersonDetailViewController.xib */ = {isa = PBXFileReference; fileEncoding = 4; lastKnownFileType = file.xib; path = RHPersonDetailViewController.xib; sourceTree = "<group>"; };
		92DFEAC8141FD4E500889314 /* MKMapView+ZoomLevel.h */ = {isa = PBXFileReference; fileEncoding = 4; lastKnownFileType = sourcecode.c.h; path = "MKMapView+ZoomLevel.h"; sourceTree = "<group>"; };
		92DFEAC9141FD4E500889314 /* MKMapView+ZoomLevel.m */ = {isa = PBXFileReference; fileEncoding = 4; lastKnownFileType = sourcecode.c.objc; path = "MKMapView+ZoomLevel.m"; sourceTree = "<group>"; };
		92DFEACC141FEF9100889314 /* MapKit.framework */ = {isa = PBXFileReference; lastKnownFileType = wrapper.framework; name = MapKit.framework; path = System/Library/Frameworks/MapKit.framework; sourceTree = SDKROOT; };
		92DFEACE1420245F00889314 /* RHAnnotationView.h */ = {isa = PBXFileReference; fileEncoding = 4; lastKnownFileType = sourcecode.c.h; path = RHAnnotationView.h; sourceTree = "<group>"; };
		92DFEACF1420245F00889314 /* RHAnnotationView.m */ = {isa = PBXFileReference; fileEncoding = 4; lastKnownFileType = sourcecode.c.objc; path = RHAnnotationView.m; sourceTree = "<group>"; };
		92DFEAD214203C6400889314 /* RHMapLabel.h */ = {isa = PBXFileReference; fileEncoding = 4; lastKnownFileType = sourcecode.c.h; path = RHMapLabel.h; sourceTree = "<group>"; };
		92DFEAD314203C6400889314 /* RHMapLabel.m */ = {isa = PBXFileReference; fileEncoding = 4; lastKnownFileType = sourcecode.c.objc; path = RHMapLabel.m; sourceTree = "<group>"; };
		92E1AA7D1487115F0005BF34 /* RHWebRequestMaker.h */ = {isa = PBXFileReference; fileEncoding = 4; lastKnownFileType = sourcecode.c.h; path = RHWebRequestMaker.h; sourceTree = "<group>"; };
		92E1AA7E1487115F0005BF34 /* RHWebRequestMaker.m */ = {isa = PBXFileReference; fileEncoding = 4; lastKnownFileType = sourcecode.c.objc; path = RHWebRequestMaker.m; sourceTree = "<group>"; };
		92ECC4C4141434D30073C4C3 /* RHConstants.h */ = {isa = PBXFileReference; fileEncoding = 4; lastKnownFileType = sourcecode.c.h; path = RHConstants.h; sourceTree = "<group>"; };
		92F1B8B31496F67900F7FFD8 /* RHPathStep.h */ = {isa = PBXFileReference; fileEncoding = 4; lastKnownFileType = sourcecode.c.h; path = RHPathStep.h; sourceTree = "<group>"; };
		92F1B8B41496F67900F7FFD8 /* RHPathStep.m */ = {isa = PBXFileReference; fileEncoding = 4; lastKnownFileType = sourcecode.c.objc; path = RHPathStep.m; sourceTree = "<group>"; };
		92F1B8B714972AE600F7FFD8 /* RHSimplePointAnnotation.h */ = {isa = PBXFileReference; fileEncoding = 4; lastKnownFileType = sourcecode.c.h; path = RHSimplePointAnnotation.h; sourceTree = "<group>"; };
		92F1B8B814972AE600F7FFD8 /* RHSimplePointAnnotation.m */ = {isa = PBXFileReference; fileEncoding = 4; lastKnownFileType = sourcecode.c.objc; path = RHSimplePointAnnotation.m; sourceTree = "<group>"; };
		92F20F6A1464383200603500 /* RHWebViewController.h */ = {isa = PBXFileReference; fileEncoding = 4; lastKnownFileType = sourcecode.c.h; path = RHWebViewController.h; sourceTree = "<group>"; };
		92F20F6B1464383200603500 /* RHWebViewController.m */ = {isa = PBXFileReference; fileEncoding = 4; lastKnownFileType = sourcecode.c.objc; path = RHWebViewController.m; sourceTree = "<group>"; };
		92F5F21214DFC2A500324ACE /* RHDataModel 3.xcdatamodel */ = {isa = PBXFileReference; lastKnownFileType = wrapper.xcdatamodel; path = "RHDataModel 3.xcdatamodel"; sourceTree = "<group>"; };
		92F5F21414DFC3C000324ACE /* RHTourItem.h */ = {isa = PBXFileReference; fileEncoding = 4; lastKnownFileType = sourcecode.c.h; path = RHTourItem.h; sourceTree = "<group>"; };
		92F5F21514DFC3C000324ACE /* RHTourItem.m */ = {isa = PBXFileReference; fileEncoding = 4; lastKnownFileType = sourcecode.c.objc; path = RHTourItem.m; sourceTree = "<group>"; };
		92F5F21A14DFC3E400324ACE /* RHTourTag.h */ = {isa = PBXFileReference; fileEncoding = 4; lastKnownFileType = sourcecode.c.h; path = RHTourTag.h; sourceTree = "<group>"; };
		92F5F21B14DFC3E400324ACE /* RHTourTag.m */ = {isa = PBXFileReference; fileEncoding = 4; lastKnownFileType = sourcecode.c.objc; path = RHTourTag.m; sourceTree = "<group>"; };
		92F5F21D14DFC3F900324ACE /* RHTourTagCategory.h */ = {isa = PBXFileReference; fileEncoding = 4; lastKnownFileType = sourcecode.c.h; path = RHTourTagCategory.h; sourceTree = "<group>"; };
		92F5F21E14DFC3F900324ACE /* RHTourTagCategory.m */ = {isa = PBXFileReference; fileEncoding = 4; lastKnownFileType = sourcecode.c.objc; path = RHTourTagCategory.m; sourceTree = "<group>"; };
		92FFAC5414E0E5F700240458 /* RHTagsBasketViewController.h */ = {isa = PBXFileReference; fileEncoding = 4; lastKnownFileType = sourcecode.c.h; path = RHTagsBasketViewController.h; sourceTree = "<group>"; };
		92FFAC5514E0E5F700240458 /* RHTagsBasketViewController.m */ = {isa = PBXFileReference; fileEncoding = 4; lastKnownFileType = sourcecode.c.objc; path = RHTagsBasketViewController.m; sourceTree = "<group>"; };
		92FFAC5A14E0F2C000240458 /* RHTagSelectionViewController.h */ = {isa = PBXFileReference; fileEncoding = 4; lastKnownFileType = sourcecode.c.h; path = RHTagSelectionViewController.h; sourceTree = "<group>"; };
		92FFAC5B14E0F2C000240458 /* RHTagSelectionViewController.m */ = {isa = PBXFileReference; fileEncoding = 4; lastKnownFileType = sourcecode.c.objc; path = RHTagSelectionViewController.m; sourceTree = "<group>"; };
/* End PBXFileReference section */

/* Begin PBXFrameworksBuildPhase section */
		9265FEA11409AB5D00AE406E /* Frameworks */ = {
			isa = PBXFrameworksBuildPhase;
			buildActionMask = 2147483647;
			files = (
				927866FF1432F35C00749C2E /* CoreLocation.framework in Frameworks */,
				923C841414298C5800DFE415 /* CoreData.framework in Frameworks */,
				9265FEA91409AB5D00AE406E /* UIKit.framework in Frameworks */,
				9265FEAB1409AB5D00AE406E /* Foundation.framework in Frameworks */,
				9265FEAD1409AB5D00AE406E /* CoreGraphics.framework in Frameworks */,
				9226030E1409AEF00065F705 /* MapKit.framework in Frameworks */,
			);
			runOnlyForDeploymentPostprocessing = 0;
		};
/* End PBXFrameworksBuildPhase section */

/* Begin PBXGroup section */
		920656F314303CB200D50293 /* Server Communication */ = {
			isa = PBXGroup;
			children = (
				923919421545EA0D00D3C611 /* Requests */,
				923919401545E9FC00D3C611 /* Loaders */,
				92E1AA7D1487115F0005BF34 /* RHWebRequestMaker.h */,
				92E1AA7E1487115F0005BF34 /* RHWebRequestMaker.m */,
				9233415114DB10E4004C1ACC /* RHLocationsSearchRequester.h */,
				9233415214DB10E6004C1ACC /* RHLocationsSearchRequester.m */,
				9233415414DB1113004C1ACC /* RHLocationsSearchRequesterDelegate.h */,
			);
			name = "Server Communication";
			sourceTree = "<group>";
		};
		9226030B1409AC820065F705 /* Images */ = {
			isa = PBXGroup;
			children = (
				924E754C140ACC9A001DFC4C /* TabBarMapIcon.png */,
				928B76E7144CBADA00D2F98D /* TabBarMapIcon@2x.png */,
				92ADEE301459BC5E00060A3F /* TabBarDirectoryIcon.png */,
				92ADEE311459BC5E00060A3F /* TabBarDirectoryIcon@2x.png */,
				924DE4D8145E773800EEE8C6 /* TabBarInfoIcon.png */,
				924DE4D9145E773800EEE8C6 /* TabBarInfoIcon@2x.png */,
				922F44A314985AE800D5C2C3 /* TabBarToursIcon.png */,
				922F44A414985AE800D5C2C3 /* TabBarToursIcon@2x.png */,
				924DE4DC145E787D00EEE8C6 /* TabBarBetaIcon.png */,
				924DE4DD145E787D00EEE8C6 /* TabBarBetaIcon@2x.png */,
				92ADEE2C14599D9500060A3F /* QuickListToolbarIcon.png */,
				92ADEE2D14599D9500060A3F /* QuickListToolbarIcon@2x.png */,
			);
			name = Images;
			sourceTree = "<group>";
		};
		9226030C1409AE640065F705 /* Model (CoreData) */ = {
			isa = PBXGroup;
			children = (
				923C841A14298DD500DFE415 /* RHDataModel.xcdatamodeld */,
				92F5F21414DFC3C000324ACE /* RHTourItem.h */,
				92F5F21514DFC3C000324ACE /* RHTourItem.m */,
				92F5F21D14DFC3F900324ACE /* RHTourTagCategory.h */,
				92F5F21E14DFC3F900324ACE /* RHTourTagCategory.m */,
				92F5F21A14DFC3E400324ACE /* RHTourTag.h */,
				92F5F21B14DFC3E400324ACE /* RHTourTag.m */,
				92CEFC2414BEAC6A0085CEDB /* RHPerson.h */,
				92CEFC2514BEAC6A0085CEDB /* RHPerson.m */,
				92CEFC2114BEAA830085CEDB /* RHServiceLink.h */,
				92CEFC2214BEAA830085CEDB /* RHServiceLink.m */,
				920FAF8514BEAA1800BC4614 /* RHServiceItem.h */,
				920FAF8614BEAA1800BC4614 /* RHServiceItem.m */,
				920FAF8814BEAA2300BC4614 /* RHServiceCategory.h */,
				920FAF8914BEAA2300BC4614 /* RHServiceCategory.m */,
				92ADEE271459026600060A3F /* RHLocationLink.h */,
				92ADEE281459026600060A3F /* RHLocationLink.m */,
				9208547D142BA28100BE55B8 /* RHNode.h */,
				9208547E142BA28100BE55B8 /* RHNode.m */,
				9246368E142BAB5300A5E399 /* RHBoundaryNode.h */,
				9246368F142BAB5300A5E399 /* RHBoundaryNode.m */,
				92085491142BA3C300BE55B8 /* RHLabelNode.h */,
				92085492142BA3C300BE55B8 /* RHLabelNode.m */,
				92463696142BAE0900A5E399 /* RHNavigationNode.h */,
				92463697142BAE0A00A5E399 /* RHNavigationNode.m */,
				9246368A142BAAC700A5E399 /* RHLocation.h */,
				9246368B142BAAC700A5E399 /* RHLocation.m */,
			);
			name = "Model (CoreData)";
			sourceTree = "<group>";
		};
		923919401545E9FC00D3C611 /* Loaders */ = {
			isa = PBXGroup;
			children = (
				92B34D7B15477F520047B1BC /* RHLoader.h */,
				92B34D7C15477F520047B1BC /* RHLoader.m */,
				9239195E154601F700D3C611 /* RHLoadersWrapper.h */,
				9239195F154601F700D3C611 /* RHLoadersWrapper.m */,
				9239195B1546018F00D3C611 /* RHDataVersionsLoader.h */,
				9239195C1546018F00D3C611 /* RHDataVersionsLoader.m */,
				9239194E154600F100D3C611 /* RHLocationsLoader.h */,
				9239194F154600F100D3C611 /* RHLocationsLoader.m */,
				92391952154600FF00D3C611 /* RHCampusServicesLoader.h */,
				92391953154600FF00D3C611 /* RHCampusServicesLoader.m */,
				923919551546011A00D3C611 /* RHTourTagsLoader.h */,
				923919561546011A00D3C611 /* RHTourTagsLoader.m */,
			);
			name = Loaders;
			sourceTree = "<group>";
		};
		923919421545EA0D00D3C611 /* Requests */ = {
			isa = PBXGroup;
			children = (
				923919431545EA8400D3C611 /* RHJSONRequest.h */,
				923919441545EA8400D3C611 /* RHJSONRequest.m */,
				923919581546016C00D3C611 /* RHLoaderRequestsWrapper.h */,
				923919591546016C00D3C611 /* RHLoaderRequestsWrapper.m */,
				921628171547A9A10017646C /* RHPathRequest.h */,
				921628181547A9A10017646C /* RHPathRequest.m */,
			);
			name = Requests;
			sourceTree = "<group>";
		};
		9265FE991409AB5C00AE406E = {
			isa = PBXGroup;
			children = (
				9218208E144113B900A66923 /* Default.png */,
				9218208C144113A800A66923 /* Default@2x.png */,
				922603591409C9680065F705 /* LaunchIcon.png */,
				922603571409C9480065F705 /* LaunchIcon@2x.png */,
				9281A34414C68C8D001D9837 /* TouchJSON */,
				9265FEAE1409AB5D00AE406E /* RHITMobile */,
				9265FEA71409AB5D00AE406E /* Frameworks */,
				9265FEA51409AB5D00AE406E /* Products */,
			);
			sourceTree = "<group>";
		};
		9265FEA51409AB5D00AE406E /* Products */ = {
			isa = PBXGroup;
			children = (
				9265FEA41409AB5D00AE406E /* RHITMobile.app */,
			);
			name = Products;
			sourceTree = "<group>";
		};
		9265FEA71409AB5D00AE406E /* Frameworks */ = {
			isa = PBXGroup;
			children = (
				927866FE1432F35C00749C2E /* CoreLocation.framework */,
				927867011432F36500749C2E /* CoreLocation.framework */,
				929488F9142CD65500820A9C /* CoreData.framework */,
				923C841314298C5800DFE415 /* CoreData.framework */,
				92DFEACC141FEF9100889314 /* MapKit.framework */,
				9226030D1409AEF00065F705 /* MapKit.framework */,
				9265FEA81409AB5D00AE406E /* UIKit.framework */,
				9265FEAA1409AB5D00AE406E /* Foundation.framework */,
				9265FEAC1409AB5D00AE406E /* CoreGraphics.framework */,
				9265FECF1409AB5D00AE406E /* SenTestingKit.framework */,
			);
			name = Frameworks;
			sourceTree = "<group>";
		};
		9265FEAE1409AB5D00AE406E /* RHITMobile */ = {
			isa = PBXGroup;
			children = (
				92ECC4C4141434D30073C4C3 /* RHConstants.h */,
				9265FEB71409AB5D00AE406E /* RHAppDelegate.h */,
				9265FEB81409AB5D00AE406E /* RHAppDelegate.m */,
				926C495015487DBE008FFA62 /* RHMainStoryboard.storyboard */,
				92948907142D3ED400820A9C /* Map Customization */,
				920656F314303CB200D50293 /* Server Communication */,
				92ECC4C3141430510073C4C3 /* View Controllers */,
				9226030C1409AE640065F705 /* Model (CoreData) */,
				92ADDE0414E33A0C00655869 /* Unpersisted Models */,
				9265FEAF1409AB5D00AE406E /* Supporting Files */,
			);
			path = RHITMobile;
			sourceTree = "<group>";
		};
		9265FEAF1409AB5D00AE406E /* Supporting Files */ = {
			isa = PBXGroup;
			children = (
				9226030B1409AC820065F705 /* Images */,
				9265FEB01409AB5D00AE406E /* RHITMobile-Info.plist */,
				9265FEB11409AB5D00AE406E /* InfoPlist.strings */,
				9265FEB41409AB5D00AE406E /* main.m */,
				9265FEB61409AB5D00AE406E /* RHITMobile-Prefix.pch */,
				926D397E143D2CE400223121 /* Settings.bundle */,
				926088A7144D2ADB0002D50E /* RHITMobileValues.plist */,
			);
			name = "Supporting Files";
			sourceTree = "<group>";
		};
		9281A34414C68C8D001D9837 /* TouchJSON */ = {
			isa = PBXGroup;
			children = (
				9281A34514C68C8D001D9837 /* CDataScanner.h */,
				9281A34614C68C8D001D9837 /* CDataScanner.m */,
				9281A34714C68C8D001D9837 /* Experimental */,
				9281A34E14C68C8D001D9837 /* Extensions */,
				9281A35314C68C8D001D9837 /* JSON */,
			);
			name = TouchJSON;
			path = TouchJSON/Source;
			sourceTree = "<group>";
		};
		9281A34714C68C8D001D9837 /* Experimental */ = {
			isa = PBXGroup;
			children = (
				9281A34814C68C8D001D9837 /* CFilteringJSONSerializer.h */,
				9281A34914C68C8D001D9837 /* CFilteringJSONSerializer.m */,
				9281A34A14C68C8D001D9837 /* CJSONSerialization.h */,
				9281A34B14C68C8D001D9837 /* CJSONSerialization.m */,
				9281A34C14C68C8D001D9837 /* CJSONSerializedData.h */,
				9281A34D14C68C8D001D9837 /* CJSONSerializedData.m */,
			);
			path = Experimental;
			sourceTree = "<group>";
		};
		9281A34E14C68C8D001D9837 /* Extensions */ = {
			isa = PBXGroup;
			children = (
				9281A34F14C68C8D001D9837 /* CDataScanner_Extensions.h */,
				9281A35014C68C8D001D9837 /* CDataScanner_Extensions.m */,
				9281A35114C68C8D001D9837 /* NSDictionary_JSONExtensions.h */,
				9281A35214C68C8D001D9837 /* NSDictionary_JSONExtensions.m */,
			);
			path = Extensions;
			sourceTree = "<group>";
		};
		9281A35314C68C8D001D9837 /* JSON */ = {
			isa = PBXGroup;
			children = (
				9281A35414C68C8D001D9837 /* CJSONDeserializer.h */,
				9281A35514C68C8D001D9837 /* CJSONDeserializer.m */,
				9281A35614C68C8D001D9837 /* CJSONScanner.h */,
				9281A35714C68C8D001D9837 /* CJSONScanner.m */,
				9281A35814C68C8D001D9837 /* CJSONSerializer.h */,
				9281A35914C68C8D001D9837 /* CJSONSerializer.m */,
				9281A35A14C68C8D001D9837 /* JSONRepresentation.h */,
			);
			path = JSON;
			sourceTree = "<group>";
		};
		92948907142D3ED400820A9C /* Map Customization */ = {
			isa = PBXGroup;
			children = (
				92DFEAC8141FD4E500889314 /* MKMapView+ZoomLevel.h */,
				92DFEAC9141FD4E500889314 /* MKMapView+ZoomLevel.m */,
				9233DD0D141BAA3500B9A549 /* RHAnnotation.h */,
				9233DD0E141BAA3500B9A549 /* RHAnnotation.m */,
				9201A4611432CA2600069863 /* RHAnnotationViewDelegate.h */,
				92DFEACE1420245F00889314 /* RHAnnotationView.h */,
				92DFEACF1420245F00889314 /* RHAnnotationView.m */,
				9236CEA4144F33C300D0FB59 /* RHPinAnnotationView.h */,
				9236CEA5144F33C400D0FB59 /* RHPinAnnotationView.m */,
				92DFEAD214203C6400889314 /* RHMapLabel.h */,
				92DFEAD314203C6400889314 /* RHMapLabel.m */,
				9201A4631432E96000069863 /* RHLocationOverlay.h */,
				9201A4641432E96000069863 /* RHLocationOverlay.m */,
				92F1B8B714972AE600F7FFD8 /* RHSimplePointAnnotation.h */,
				92F1B8B814972AE600F7FFD8 /* RHSimplePointAnnotation.m */,
				921F3C5B14EA22F700EDD02A /* RHMapDirectionsManager.h */,
				921F3C5C14EA22F700EDD02A /* RHMapDirectionsManager.m */,
			);
			name = "Map Customization";
			sourceTree = "<group>";
		};
		92ADDE0414E33A0C00655869 /* Unpersisted Models */ = {
			isa = PBXGroup;
			children = (
				925465A81495C69B00C12B81 /* RHWrappedCoordinate.h */,
				925465A91495C69C00C12B81 /* RHWrappedCoordinate.m */,
				92F1B8B31496F67900F7FFD8 /* RHPathStep.h */,
				92F1B8B41496F67900F7FFD8 /* RHPathStep.m */,
				92ADDE0614E3422400655869 /* RHPath.h */,
				92ADDE0714E3422400655869 /* RHPath.m */,
			);
			name = "Unpersisted Models";
			sourceTree = "<group>";
		};
		92ECC4C3141430510073C4C3 /* View Controllers */ = {
			isa = PBXGroup;
			children = (
				9265FEBD1409AB5D00AE406E /* RHMapViewController.h */,
				9265FEBE1409AB5D00AE406E /* RHMapViewController.m */,
				9265FEC01409AB5D00AE406E /* RHSearchViewController.h */,
				9265FEC11409AB5D00AE406E /* RHSearchViewController.m */,
				9265FEC61409AB5D00AE406E /* RHSearchViewController.xib */,
				9236CE9C144E3CBC00D0FB59 /* RHQuickListViewController.h */,
				9236CE9D144E3CBC00D0FB59 /* RHQuickListViewController.m */,
				92312435144FB8470074791E /* RHLocationDetailViewController.h */,
				92312436144FB8470074791E /* RHLocationDetailViewController.m */,
				924DE4E0145E79A800EEE8C6 /* RHCampusServicesViewController.h */,
				924DE4E1145E79A800EEE8C6 /* RHCampusServicesViewController.m */,
				92F20F6A1464383200603500 /* RHWebViewController.h */,
				92F20F6B1464383200603500 /* RHWebViewController.m */,
				925465AB1495EB7E00C12B81 /* RHToursViewController.h */,
				925465AC1495EB7E00C12B81 /* RHToursViewController.m */,
				92D3672514B60DE000EE0504 /* RHPersonDetailViewController.h */,
				92D3672614B60DE000EE0504 /* RHPersonDetailViewController.m */,
				92D3672714B60DE000EE0504 /* RHPersonDetailViewController.xib */,
				92FFAC5414E0E5F700240458 /* RHTagsBasketViewController.h */,
				92FFAC5514E0E5F700240458 /* RHTagsBasketViewController.m */,
				92FFAC5A14E0F2C000240458 /* RHTagSelectionViewController.h */,
				92FFAC5B14E0F2C000240458 /* RHTagSelectionViewController.m */,
				92ADDE0E14E36CB000655869 /* RHLocationSelectorViewController.h */,
				92ADDE0F14E36CB000655869 /* RHLocationSelectorViewController.m */,
				92ADDE1014E36CB000655869 /* RHLocationSelectorViewController.xib */,
				9267C2541549AC700002F2D9 /* RHLocationSearchViewController.h */,
				9267C2551549AC700002F2D9 /* RHLocationSearchViewController.m */,
			);
			name = "View Controllers";
			sourceTree = "<group>";
		};
/* End PBXGroup section */

/* Begin PBXNativeTarget section */
		9265FEA31409AB5D00AE406E /* RHITMobile */ = {
			isa = PBXNativeTarget;
			buildConfigurationList = 9265FEE21409AB5D00AE406E /* Build configuration list for PBXNativeTarget "RHITMobile" */;
			buildPhases = (
				9265FEA01409AB5D00AE406E /* Sources */,
				9265FEA11409AB5D00AE406E /* Frameworks */,
				9265FEA21409AB5D00AE406E /* Resources */,
			);
			buildRules = (
			);
			dependencies = (
			);
			name = RHITMobile;
			productName = RHITMobile;
			productReference = 9265FEA41409AB5D00AE406E /* RHITMobile.app */;
			productType = "com.apple.product-type.application";
		};
/* End PBXNativeTarget section */

/* Begin PBXProject section */
		9265FE9B1409AB5C00AE406E /* Project object */ = {
			isa = PBXProject;
			attributes = {
				LastUpgradeCheck = 0430;
				ORGANIZATIONNAME = "Rose-Hulman Institute of Technology";
			};
			buildConfigurationList = 9265FE9E1409AB5C00AE406E /* Build configuration list for PBXProject "RHITMobile" */;
			compatibilityVersion = "Xcode 3.2";
			developmentRegion = English;
			hasScannedForEncodings = 0;
			knownRegions = (
				en,
			);
			mainGroup = 9265FE991409AB5C00AE406E;
			productRefGroup = 9265FEA51409AB5D00AE406E /* Products */;
			projectDirPath = "";
			projectRoot = "";
			targets = (
				9265FEA31409AB5D00AE406E /* RHITMobile */,
			);
		};
/* End PBXProject section */

/* Begin PBXResourcesBuildPhase section */
		9265FEA21409AB5D00AE406E /* Resources */ = {
			isa = PBXResourcesBuildPhase;
			buildActionMask = 2147483647;
			files = (
				9265FEB31409AB5D00AE406E /* InfoPlist.strings in Resources */,
				9265FEC81409AB5D00AE406E /* RHSearchViewController.xib in Resources */,
				922603581409C9480065F705 /* LaunchIcon@2x.png in Resources */,
				9226035A1409C9680065F705 /* LaunchIcon.png in Resources */,
				924E754D140ACC9A001DFC4C /* TabBarMapIcon.png in Resources */,
				926D397F143D2CE400223121 /* Settings.bundle in Resources */,
				9218208D144113A800A66923 /* Default@2x.png in Resources */,
				9218208F144113B900A66923 /* Default.png in Resources */,
				928B76E8144CBADA00D2F98D /* TabBarMapIcon@2x.png in Resources */,
				926088A8144D2ADB0002D50E /* RHITMobileValues.plist in Resources */,
				92ADEE2E14599D9500060A3F /* QuickListToolbarIcon.png in Resources */,
				92ADEE2F14599D9500060A3F /* QuickListToolbarIcon@2x.png in Resources */,
				92ADEE321459BC5E00060A3F /* TabBarDirectoryIcon.png in Resources */,
				92ADEE331459BC5E00060A3F /* TabBarDirectoryIcon@2x.png in Resources */,
				924DE4DA145E773800EEE8C6 /* TabBarInfoIcon.png in Resources */,
				924DE4DB145E773800EEE8C6 /* TabBarInfoIcon@2x.png in Resources */,
				924DE4DE145E787D00EEE8C6 /* TabBarBetaIcon.png in Resources */,
				924DE4DF145E787D00EEE8C6 /* TabBarBetaIcon@2x.png in Resources */,
				922F44A514985AE800D5C2C3 /* TabBarToursIcon.png in Resources */,
				922F44A614985AE800D5C2C3 /* TabBarToursIcon@2x.png in Resources */,
				92D3672914B60DE000EE0504 /* RHPersonDetailViewController.xib in Resources */,
				92ADDE1214E36CB100655869 /* RHLocationSelectorViewController.xib in Resources */,
				926C495115487DBE008FFA62 /* RHMainStoryboard.storyboard in Resources */,
			);
			runOnlyForDeploymentPostprocessing = 0;
		};
/* End PBXResourcesBuildPhase section */

/* Begin PBXSourcesBuildPhase section */
		9265FEA01409AB5D00AE406E /* Sources */ = {
			isa = PBXSourcesBuildPhase;
			buildActionMask = 2147483647;
			files = (
				9265FEB51409AB5D00AE406E /* main.m in Sources */,
				9265FEB91409AB5D00AE406E /* RHAppDelegate.m in Sources */,
				9265FEBF1409AB5D00AE406E /* RHMapViewController.m in Sources */,
				9265FEC21409AB5D00AE406E /* RHSearchViewController.m in Sources */,
				9233DD0F141BAA3500B9A549 /* RHAnnotation.m in Sources */,
				92DFEACA141FD4E500889314 /* MKMapView+ZoomLevel.m in Sources */,
				92DFEAD01420245F00889314 /* RHAnnotationView.m in Sources */,
				92DFEAD414203C6400889314 /* RHMapLabel.m in Sources */,
				923C841C14298DD500DFE415 /* RHDataModel.xcdatamodeld in Sources */,
				9208547F142BA28100BE55B8 /* RHNode.m in Sources */,
				92085493142BA3C300BE55B8 /* RHLabelNode.m in Sources */,
				9246368C142BAAC700A5E399 /* RHLocation.m in Sources */,
				92463690142BAB5300A5E399 /* RHBoundaryNode.m in Sources */,
				92463698142BAE0A00A5E399 /* RHNavigationNode.m in Sources */,
				9201A4651432E96000069863 /* RHLocationOverlay.m in Sources */,
				9236CE9F144E3CBC00D0FB59 /* RHQuickListViewController.m in Sources */,
				9236CEA6144F33C400D0FB59 /* RHPinAnnotationView.m in Sources */,
				92312438144FB8470074791E /* RHLocationDetailViewController.m in Sources */,
				92ADEE291459026600060A3F /* RHLocationLink.m in Sources */,
				924DE4E3145E79A800EEE8C6 /* RHCampusServicesViewController.m in Sources */,
				92F20F6D1464383200603500 /* RHWebViewController.m in Sources */,
				92E1AA7F1487115F0005BF34 /* RHWebRequestMaker.m in Sources */,
				925465AA1495C69C00C12B81 /* RHWrappedCoordinate.m in Sources */,
				925465AE1495EB7F00C12B81 /* RHToursViewController.m in Sources */,
				92F1B8B51496F67900F7FFD8 /* RHPathStep.m in Sources */,
				92F1B8B914972AE600F7FFD8 /* RHSimplePointAnnotation.m in Sources */,
				92D3672814B60DE000EE0504 /* RHPersonDetailViewController.m in Sources */,
				920FAF8714BEAA1800BC4614 /* RHServiceItem.m in Sources */,
				920FAF8A14BEAA2300BC4614 /* RHServiceCategory.m in Sources */,
				92CEFC2314BEAA830085CEDB /* RHServiceLink.m in Sources */,
				92CEFC2614BEAC6B0085CEDB /* RHPerson.m in Sources */,
				9281A35B14C68C8D001D9837 /* CDataScanner.m in Sources */,
				9281A35C14C68C8D001D9837 /* CFilteringJSONSerializer.m in Sources */,
				9281A35D14C68C8D001D9837 /* CJSONSerialization.m in Sources */,
				9281A35E14C68C8D001D9837 /* CJSONSerializedData.m in Sources */,
				9281A35F14C68C8D001D9837 /* CDataScanner_Extensions.m in Sources */,
				9281A36014C68C8D001D9837 /* NSDictionary_JSONExtensions.m in Sources */,
				9281A36114C68C8D001D9837 /* CJSONDeserializer.m in Sources */,
				9281A36214C68C8D001D9837 /* CJSONScanner.m in Sources */,
				9281A36314C68C8D001D9837 /* CJSONSerializer.m in Sources */,
				9233415314DB10E9004C1ACC /* RHLocationsSearchRequester.m in Sources */,
				92F5F21614DFC3C000324ACE /* RHTourItem.m in Sources */,
				92F5F21C14DFC3E400324ACE /* RHTourTag.m in Sources */,
				92F5F21F14DFC3F900324ACE /* RHTourTagCategory.m in Sources */,
				92FFAC5714E0E5F700240458 /* RHTagsBasketViewController.m in Sources */,
				92FFAC5D14E0F2C100240458 /* RHTagSelectionViewController.m in Sources */,
				92ADDE0814E3422400655869 /* RHPath.m in Sources */,
				92ADDE1114E36CB100655869 /* RHLocationSelectorViewController.m in Sources */,
				921F3C5D14EA22F700EDD02A /* RHMapDirectionsManager.m in Sources */,
				923919451545EA8400D3C611 /* RHJSONRequest.m in Sources */,
				92391950154600F100D3C611 /* RHLocationsLoader.m in Sources */,
				92391954154600FF00D3C611 /* RHCampusServicesLoader.m in Sources */,
				923919571546011A00D3C611 /* RHTourTagsLoader.m in Sources */,
				9239195A1546016C00D3C611 /* RHLoaderRequestsWrapper.m in Sources */,
				9239195D1546018F00D3C611 /* RHDataVersionsLoader.m in Sources */,
				92391960154601F700D3C611 /* RHLoadersWrapper.m in Sources */,
				92B34D7D15477F520047B1BC /* RHLoader.m in Sources */,
				921628191547A9A10017646C /* RHPathRequest.m in Sources */,
				9267C2561549AC700002F2D9 /* RHLocationSearchViewController.m in Sources */,
			);
			runOnlyForDeploymentPostprocessing = 0;
		};
/* End PBXSourcesBuildPhase section */

/* Begin PBXVariantGroup section */
		9265FEB11409AB5D00AE406E /* InfoPlist.strings */ = {
			isa = PBXVariantGroup;
			children = (
				9265FEB21409AB5D00AE406E /* en */,
			);
			name = InfoPlist.strings;
			sourceTree = "<group>";
		};
		9265FEC61409AB5D00AE406E /* RHSearchViewController.xib */ = {
			isa = PBXVariantGroup;
			children = (
				9265FEC71409AB5D00AE406E /* en */,
			);
			name = RHSearchViewController.xib;
			sourceTree = "<group>";
		};
/* End PBXVariantGroup section */

/* Begin XCBuildConfiguration section */
		9265FEE01409AB5D00AE406E /* Debug */ = {
			isa = XCBuildConfiguration;
			buildSettings = {
				ALWAYS_SEARCH_USER_PATHS = NO;
				ARCHS = "$(ARCHS_STANDARD_32_BIT)";
				CODE_SIGN_IDENTITY = "iPhone Developer: Erik Hayes (UBJCB4G878)";
				"CODE_SIGN_IDENTITY[sdk=iphoneos*]" = "iPhone Developer: Erik Hayes (UBJCB4G878)";
				COPY_PHASE_STRIP = NO;
				GCC_C_LANGUAGE_STANDARD = gnu99;
				GCC_DYNAMIC_NO_PIC = NO;
				GCC_OPTIMIZATION_LEVEL = 0;
				GCC_PREPROCESSOR_DEFINITIONS = (
					"DEBUG=1",
					"$(inherited)",
				);
				GCC_SYMBOLS_PRIVATE_EXTERN = NO;
				GCC_VERSION = com.apple.compilers.llvmgcc42;
				GCC_WARN_ABOUT_MISSING_PROTOTYPES = YES;
				GCC_WARN_ABOUT_RETURN_TYPE = YES;
				GCC_WARN_UNUSED_VARIABLE = YES;
				IPHONEOS_DEPLOYMENT_TARGET = 4.3;
				PROVISIONING_PROFILE = "90C413ED-335C-45AB-8B1A-FC86F36AEF55";
				"PROVISIONING_PROFILE[sdk=iphoneos*]" = "1680D2BA-748D-451C-9E9A-0808AEB832D6";
				SDKROOT = iphoneos;
			};
			name = Debug;
		};
		9265FEE11409AB5D00AE406E /* Release */ = {
			isa = XCBuildConfiguration;
			buildSettings = {
				ALWAYS_SEARCH_USER_PATHS = NO;
				ARCHS = "$(ARCHS_STANDARD_32_BIT)";
				CODE_SIGN_IDENTITY = "iPhone Developer: Erik Hayes (UBJCB4G878)";
				"CODE_SIGN_IDENTITY[sdk=iphoneos*]" = "iPhone Developer: Erik Hayes (UBJCB4G878)";
				COPY_PHASE_STRIP = YES;
				GCC_C_LANGUAGE_STANDARD = gnu99;
				GCC_VERSION = com.apple.compilers.llvmgcc42;
				GCC_WARN_ABOUT_MISSING_PROTOTYPES = YES;
				GCC_WARN_ABOUT_RETURN_TYPE = YES;
				GCC_WARN_UNUSED_VARIABLE = YES;
				IPHONEOS_DEPLOYMENT_TARGET = 4.3;
				OTHER_CFLAGS = "-DNS_BLOCK_ASSERTIONS=1";
				PROVISIONING_PROFILE = "90C413ED-335C-45AB-8B1A-FC86F36AEF55";
				"PROVISIONING_PROFILE[sdk=iphoneos*]" = "1680D2BA-748D-451C-9E9A-0808AEB832D6";
				SDKROOT = iphoneos;
				VALIDATE_PRODUCT = YES;
			};
			name = Release;
		};
		9265FEE31409AB5D00AE406E /* Debug */ = {
			isa = XCBuildConfiguration;
			buildSettings = {
				CLANG_ENABLE_OBJC_ARC = YES;
				"CODE_SIGN_ENTITLEMENTS[sdk=*]" = "";
				CODE_SIGN_IDENTITY = "iPhone Developer: Erik Hayes (UBJCB4G878)";
				"CODE_SIGN_IDENTITY[sdk=iphoneos*]" = "iPhone Developer: Erik Hayes (UBJCB4G878)";
				GCC_PRECOMPILE_PREFIX_HEADER = YES;
				GCC_PREFIX_HEADER = "RHITMobile/RHITMobile-Prefix.pch";
				GCC_VERSION = com.apple.compilers.llvm.clang.1_0;
				INFOPLIST_FILE = "RHITMobile/RHITMobile-Info.plist";
				IPHONEOS_DEPLOYMENT_TARGET = 5.1;
				PRODUCT_NAME = "$(TARGET_NAME)";
				PROVISIONING_PROFILE = "1B59DD42-5DEF-478D-BD0F-87F0F30D444F";
				"PROVISIONING_PROFILE[sdk=iphoneos*]" = "1B59DD42-5DEF-478D-BD0F-87F0F30D444F";
				RUN_CLANG_STATIC_ANALYZER = NO;
				WRAPPER_EXTENSION = app;
			};
			name = Debug;
		};
		9265FEE41409AB5D00AE406E /* Release */ = {
			isa = XCBuildConfiguration;
			buildSettings = {
				CLANG_ENABLE_OBJC_ARC = YES;
				CODE_SIGN_IDENTITY = "iPhone Developer: Erik Hayes (UBJCB4G878)";
				"CODE_SIGN_IDENTITY[sdk=iphoneos*]" = "iPhone Developer: Erik Hayes (UBJCB4G878)";
				GCC_PRECOMPILE_PREFIX_HEADER = YES;
				GCC_PREFIX_HEADER = "RHITMobile/RHITMobile-Prefix.pch";
				GCC_VERSION = com.apple.compilers.llvm.clang.1_0;
				INFOPLIST_FILE = "RHITMobile/RHITMobile-Info.plist";
				IPHONEOS_DEPLOYMENT_TARGET = 5.1;
				PRODUCT_NAME = "$(TARGET_NAME)";
				PROVISIONING_PROFILE = "1B59DD42-5DEF-478D-BD0F-87F0F30D444F";
				"PROVISIONING_PROFILE[sdk=iphoneos*]" = "1B59DD42-5DEF-478D-BD0F-87F0F30D444F";
				RUN_CLANG_STATIC_ANALYZER = NO;
				WRAPPER_EXTENSION = app;
			};
			name = Release;
		};
/* End XCBuildConfiguration section */

/* Begin XCConfigurationList section */
		9265FE9E1409AB5C00AE406E /* Build configuration list for PBXProject "RHITMobile" */ = {
			isa = XCConfigurationList;
			buildConfigurations = (
				9265FEE01409AB5D00AE406E /* Debug */,
				9265FEE11409AB5D00AE406E /* Release */,
			);
			defaultConfigurationIsVisible = 0;
			defaultConfigurationName = Release;
		};
		9265FEE21409AB5D00AE406E /* Build configuration list for PBXNativeTarget "RHITMobile" */ = {
			isa = XCConfigurationList;
			buildConfigurations = (
				9265FEE31409AB5D00AE406E /* Debug */,
				9265FEE41409AB5D00AE406E /* Release */,
			);
			defaultConfigurationIsVisible = 0;
			defaultConfigurationName = Release;
		};
/* End XCConfigurationList section */

/* Begin XCVersionGroup section */
		923C841A14298DD500DFE415 /* RHDataModel.xcdatamodeld */ = {
			isa = XCVersionGroup;
			children = (
				92F5F21214DFC2A500324ACE /* RHDataModel 3.xcdatamodel */,
				9233413614DA2C6E004C1ACC /* RHDataModel 2.xcdatamodel */,
				923C841B14298DD500DFE415 /* RHDataModel.xcdatamodel */,
			);
			currentVersion = 92F5F21214DFC2A500324ACE /* RHDataModel 3.xcdatamodel */;
			path = RHDataModel.xcdatamodeld;
			sourceTree = "<group>";
			versionGroupType = wrapper.xcdatamodel;
		};
/* End XCVersionGroup section */
	};
	rootObject = 9265FE9B1409AB5C00AE406E /* Project object */;
}
