
Microsoft Visual Studio Solution File, Format Version 11.00
# Visual Studio 2010
Project("{FAE04EC0-301F-11D3-BF4B-00C04F79EFBC}") = "Rhit.Applications.Model.SL", "Rhit.Applications.Model.SL\Rhit.Applications.Model.SL.csproj", "{8539E822-5EF8-49C0-B7D8-C250F48D7B9B}"
EndProject
Project("{FAE04EC0-301F-11D3-BF4B-00C04F79EFBC}") = "Rhit.Applications.Model.WP7", "Rhit.Applications.Model.WP7\Rhit.Applications.Model.WP7.csproj", "{17BE6337-47BB-418E-9869-2E11A5824BE3}"
EndProject
Project("{FAE04EC0-301F-11D3-BF4B-00C04F79EFBC}") = "Rhit.Applications.Mvvm.SL", "Rhit.Applications.Mvvm.SL\Rhit.Applications.Mvvm.SL.csproj", "{216E83C2-839F-4BA7-A527-D92AB653437C}"
EndProject
Project("{FAE04EC0-301F-11D3-BF4B-00C04F79EFBC}") = "Rhit.Applications.Mvvm.WP7", "Rhit.Applications.Mvvm.WP7\Rhit.Applications.Mvvm.WP7.csproj", "{C4B93CFD-E240-433F-9C7D-3EA7A7786CBF}"
EndProject
Project("{FAE04EC0-301F-11D3-BF4B-00C04F79EFBC}") = "Rhit.Applications.Admin.ViewModel.SL", "Rhit.Applications.Admin.ViewModel.SL\Rhit.Applications.Admin.ViewModel.SL.csproj", "{DA296C2B-A2D2-487F-B028-06289F1D3348}"
EndProject
Project("{FAE04EC0-301F-11D3-BF4B-00C04F79EFBC}") = "Rhit.Applications.Admin.View.SL", "Rhit.Applications.Admin.View.SL\Rhit.Applications.Admin.View.SL.csproj", "{272EABB9-1B7A-46BA-BF96-34CB81055718}"
EndProject
Project("{FAE04EC0-301F-11D3-BF4B-00C04F79EFBC}") = "Rhit.Applications.Admin.Web", "Rhit.Applications.Admin.Web\Rhit.Applications.Admin.Web.csproj", "{92DCDB16-7C99-4E55-B8C0-399703E16C35}"
EndProject
Project("{FAE04EC0-301F-11D3-BF4B-00C04F79EFBC}") = "Rhit.Applications.ServerTree.View.SL", "Rhit.Applications.ServerTree.View.SL\Rhit.Applications.ServerTree.View.SL.csproj", "{D45AFCA5-8C32-49EE-A0AF-9B53CF00B456}"
EndProject
Project("{FAE04EC0-301F-11D3-BF4B-00C04F79EFBC}") = "Rhit.Applications.ServerTree.Web", "Rhit.Applications.ServerTree.Web\Rhit.Applications.ServerTree.Web.csproj", "{E1964846-2C3C-48D6-A9AC-7E7AFF91404D}"
EndProject
Project("{2150E333-8FDC-42A3-9474-1A3956D46DE8}") = "Admin App", "Admin App", "{D6F4FFB3-8DAD-409D-B458-E6C098A2A031}"
EndProject
Project("{2150E333-8FDC-42A3-9474-1A3956D46DE8}") = "Server Tree App", "Server Tree App", "{6221945E-7F32-4E40-B817-923175387DCF}"
EndProject
Project("{2150E333-8FDC-42A3-9474-1A3956D46DE8}") = "Common", "Common", "{256A21B3-412C-49EA-B402-283E1170FC28}"
EndProject
Project("{FAE04EC0-301F-11D3-BF4B-00C04F79EFBC}") = "Rhit.Applications.ServerTree.ViewModel.SL", "Rhit.Applications.ServerTree.ViewModel.SL\Rhit.Applications.ServerTree.ViewModel.SL.csproj", "{B1216305-1F93-4F87-B13F-489456CEB230}"
EndProject
Project("{2150E333-8FDC-42A3-9474-1A3956D46DE8}") = "Mobile App", "Mobile App", "{27EC6C36-7A5C-48F6-91E3-0A3D26A10CBE}"
EndProject
Project("{FAE04EC0-301F-11D3-BF4B-00C04F79EFBC}") = "Rhit.Applications.Mobile.View.WP7", "Rhit.Applications.Mobile.View.WP7\Rhit.Applications.Mobile.View.WP7.csproj", "{75C9DC8A-98C1-42FE-B2AB-FABF9C40875E}"
EndProject
Project("{FAE04EC0-301F-11D3-BF4B-00C04F79EFBC}") = "Rhit.Applications.Extentions.WP7", "Rhit.Applications.Extentions.WP7\Rhit.Applications.Extentions.WP7.csproj", "{E3D06773-1344-40DE-B2E5-EF92D9401021}"
EndProject
Project("{FAE04EC0-301F-11D3-BF4B-00C04F79EFBC}") = "Rhit.Applications.ViewModel.SL", "Rhit.Applications.ViewModel.SL\Rhit.Applications.ViewModel.SL.csproj", "{22202767-F92A-4712-BB54-11E748F7A5FB}"
EndProject
Project("{2150E333-8FDC-42A3-9474-1A3956D46DE8}") = "Model", "Model", "{FA9D0E01-ABC8-42E1-94B4-0881015F3BB6}"
EndProject
Project("{2150E333-8FDC-42A3-9474-1A3956D46DE8}") = "MVVM", "MVVM", "{1F5D27E1-9A57-4BD6-910F-7A54F651CE0B}"
EndProject
Project("{2150E333-8FDC-42A3-9474-1A3956D46DE8}") = "ViewModel", "ViewModel", "{DD237953-EAED-49FE-9E7C-5EEA293C7EF2}"
EndProject
Project("{FAE04EC0-301F-11D3-BF4B-00C04F79EFBC}") = "Rhit.Applications.ViewModel.WP7", "Rhit.Applications.ViewModel.WP7\Rhit.Applications.ViewModel.WP7.csproj", "{6295FFF7-5335-4F34-884D-D26F9D427CF8}"
EndProject
Project("{2150E333-8FDC-42A3-9474-1A3956D46DE8}") = "Extensions", "Extensions", "{B64358FC-6E5F-426B-811D-FB11AC044ED8}"
EndProject
Global
	GlobalSection(SolutionConfigurationPlatforms) = preSolution
		AdminApp|Any CPU = AdminApp|Any CPU
		Debug|Any CPU = Debug|Any CPU
		MobileApp|Any CPU = MobileApp|Any CPU
		Release|Any CPU = Release|Any CPU
		ServerTreeApp|Any CPU = ServerTreeApp|Any CPU
	EndGlobalSection
	GlobalSection(ProjectConfigurationPlatforms) = postSolution
		{8539E822-5EF8-49C0-B7D8-C250F48D7B9B}.AdminApp|Any CPU.ActiveCfg = AdminApp|Any CPU
		{8539E822-5EF8-49C0-B7D8-C250F48D7B9B}.AdminApp|Any CPU.Build.0 = AdminApp|Any CPU
		{8539E822-5EF8-49C0-B7D8-C250F48D7B9B}.Debug|Any CPU.ActiveCfg = Debug|Any CPU
		{8539E822-5EF8-49C0-B7D8-C250F48D7B9B}.MobileApp|Any CPU.ActiveCfg = MobileApp|Any CPU
		{8539E822-5EF8-49C0-B7D8-C250F48D7B9B}.MobileApp|Any CPU.Build.0 = MobileApp|Any CPU
		{8539E822-5EF8-49C0-B7D8-C250F48D7B9B}.Release|Any CPU.ActiveCfg = Release|Any CPU
		{8539E822-5EF8-49C0-B7D8-C250F48D7B9B}.ServerTreeApp|Any CPU.ActiveCfg = ServerTreeApp|Any CPU
		{8539E822-5EF8-49C0-B7D8-C250F48D7B9B}.ServerTreeApp|Any CPU.Build.0 = ServerTreeApp|Any CPU
		{17BE6337-47BB-418E-9869-2E11A5824BE3}.AdminApp|Any CPU.ActiveCfg = AdminApp|Any CPU
		{17BE6337-47BB-418E-9869-2E11A5824BE3}.AdminApp|Any CPU.Build.0 = AdminApp|Any CPU
		{17BE6337-47BB-418E-9869-2E11A5824BE3}.Debug|Any CPU.ActiveCfg = Debug|Any CPU
		{17BE6337-47BB-418E-9869-2E11A5824BE3}.Debug|Any CPU.Build.0 = Debug|Any CPU
		{17BE6337-47BB-418E-9869-2E11A5824BE3}.MobileApp|Any CPU.ActiveCfg = MobileApp|Any CPU
		{17BE6337-47BB-418E-9869-2E11A5824BE3}.MobileApp|Any CPU.Build.0 = MobileApp|Any CPU
		{17BE6337-47BB-418E-9869-2E11A5824BE3}.Release|Any CPU.ActiveCfg = Release|Any CPU
		{17BE6337-47BB-418E-9869-2E11A5824BE3}.Release|Any CPU.Build.0 = Release|Any CPU
		{17BE6337-47BB-418E-9869-2E11A5824BE3}.ServerTreeApp|Any CPU.ActiveCfg = ServerTreeApp|Any CPU
		{17BE6337-47BB-418E-9869-2E11A5824BE3}.ServerTreeApp|Any CPU.Build.0 = ServerTreeApp|Any CPU
		{216E83C2-839F-4BA7-A527-D92AB653437C}.AdminApp|Any CPU.ActiveCfg = AdminApp|Any CPU
		{216E83C2-839F-4BA7-A527-D92AB653437C}.AdminApp|Any CPU.Build.0 = AdminApp|Any CPU
		{216E83C2-839F-4BA7-A527-D92AB653437C}.Debug|Any CPU.ActiveCfg = Debug|Any CPU
		{216E83C2-839F-4BA7-A527-D92AB653437C}.MobileApp|Any CPU.ActiveCfg = MobileApp|Any CPU
		{216E83C2-839F-4BA7-A527-D92AB653437C}.MobileApp|Any CPU.Build.0 = MobileApp|Any CPU
		{216E83C2-839F-4BA7-A527-D92AB653437C}.Release|Any CPU.ActiveCfg = Release|Any CPU
		{216E83C2-839F-4BA7-A527-D92AB653437C}.ServerTreeApp|Any CPU.ActiveCfg = ServerTreeApp|Any CPU
		{216E83C2-839F-4BA7-A527-D92AB653437C}.ServerTreeApp|Any CPU.Build.0 = ServerTreeApp|Any CPU
		{C4B93CFD-E240-433F-9C7D-3EA7A7786CBF}.AdminApp|Any CPU.ActiveCfg = AdminApp|Any CPU
		{C4B93CFD-E240-433F-9C7D-3EA7A7786CBF}.AdminApp|Any CPU.Build.0 = AdminApp|Any CPU
		{C4B93CFD-E240-433F-9C7D-3EA7A7786CBF}.Debug|Any CPU.ActiveCfg = Debug|Any CPU
		{C4B93CFD-E240-433F-9C7D-3EA7A7786CBF}.Debug|Any CPU.Build.0 = Debug|Any CPU
		{C4B93CFD-E240-433F-9C7D-3EA7A7786CBF}.MobileApp|Any CPU.ActiveCfg = MobileApp|Any CPU
		{C4B93CFD-E240-433F-9C7D-3EA7A7786CBF}.MobileApp|Any CPU.Build.0 = MobileApp|Any CPU
		{C4B93CFD-E240-433F-9C7D-3EA7A7786CBF}.Release|Any CPU.ActiveCfg = Release|Any CPU
		{C4B93CFD-E240-433F-9C7D-3EA7A7786CBF}.Release|Any CPU.Build.0 = Release|Any CPU
		{C4B93CFD-E240-433F-9C7D-3EA7A7786CBF}.ServerTreeApp|Any CPU.ActiveCfg = ServerTreeApp|Any CPU
		{C4B93CFD-E240-433F-9C7D-3EA7A7786CBF}.ServerTreeApp|Any CPU.Build.0 = ServerTreeApp|Any CPU
		{DA296C2B-A2D2-487F-B028-06289F1D3348}.AdminApp|Any CPU.ActiveCfg = AdminApp|Any CPU
		{DA296C2B-A2D2-487F-B028-06289F1D3348}.AdminApp|Any CPU.Build.0 = AdminApp|Any CPU
		{DA296C2B-A2D2-487F-B028-06289F1D3348}.Debug|Any CPU.ActiveCfg = Debug|Any CPU
		{DA296C2B-A2D2-487F-B028-06289F1D3348}.MobileApp|Any CPU.ActiveCfg = MobileApp|Any CPU
		{DA296C2B-A2D2-487F-B028-06289F1D3348}.MobileApp|Any CPU.Build.0 = MobileApp|Any CPU
		{DA296C2B-A2D2-487F-B028-06289F1D3348}.Release|Any CPU.ActiveCfg = Release|Any CPU
		{DA296C2B-A2D2-487F-B028-06289F1D3348}.ServerTreeApp|Any CPU.ActiveCfg = ServerTreeApp|Any CPU
		{DA296C2B-A2D2-487F-B028-06289F1D3348}.ServerTreeApp|Any CPU.Build.0 = ServerTreeApp|Any CPU
		{272EABB9-1B7A-46BA-BF96-34CB81055718}.AdminApp|Any CPU.ActiveCfg = AdminApp|Any CPU
		{272EABB9-1B7A-46BA-BF96-34CB81055718}.AdminApp|Any CPU.Build.0 = AdminApp|Any CPU
		{272EABB9-1B7A-46BA-BF96-34CB81055718}.Debug|Any CPU.ActiveCfg = Debug|Any CPU
		{272EABB9-1B7A-46BA-BF96-34CB81055718}.MobileApp|Any CPU.ActiveCfg = MobileApp|Any CPU
		{272EABB9-1B7A-46BA-BF96-34CB81055718}.MobileApp|Any CPU.Build.0 = MobileApp|Any CPU
		{272EABB9-1B7A-46BA-BF96-34CB81055718}.Release|Any CPU.ActiveCfg = Release|Any CPU
		{272EABB9-1B7A-46BA-BF96-34CB81055718}.ServerTreeApp|Any CPU.ActiveCfg = ServerTreeApp|Any CPU
		{272EABB9-1B7A-46BA-BF96-34CB81055718}.ServerTreeApp|Any CPU.Build.0 = ServerTreeApp|Any CPU
		{92DCDB16-7C99-4E55-B8C0-399703E16C35}.AdminApp|Any CPU.ActiveCfg = AdminApp|Any CPU
		{92DCDB16-7C99-4E55-B8C0-399703E16C35}.AdminApp|Any CPU.Build.0 = AdminApp|Any CPU
		{92DCDB16-7C99-4E55-B8C0-399703E16C35}.Debug|Any CPU.ActiveCfg = Debug|Any CPU
		{92DCDB16-7C99-4E55-B8C0-399703E16C35}.MobileApp|Any CPU.ActiveCfg = MobileApp|Any CPU
		{92DCDB16-7C99-4E55-B8C0-399703E16C35}.MobileApp|Any CPU.Build.0 = MobileApp|Any CPU
		{92DCDB16-7C99-4E55-B8C0-399703E16C35}.Release|Any CPU.ActiveCfg = Release|Any CPU
		{92DCDB16-7C99-4E55-B8C0-399703E16C35}.ServerTreeApp|Any CPU.ActiveCfg = ServerTreeApp|Any CPU
		{92DCDB16-7C99-4E55-B8C0-399703E16C35}.ServerTreeApp|Any CPU.Build.0 = ServerTreeApp|Any CPU
		{D45AFCA5-8C32-49EE-A0AF-9B53CF00B456}.AdminApp|Any CPU.ActiveCfg = Release|Any CPU
		{D45AFCA5-8C32-49EE-A0AF-9B53CF00B456}.Debug|Any CPU.ActiveCfg = Debug|Any CPU
		{D45AFCA5-8C32-49EE-A0AF-9B53CF00B456}.MobileApp|Any CPU.ActiveCfg = Release|Any CPU
		{D45AFCA5-8C32-49EE-A0AF-9B53CF00B456}.Release|Any CPU.ActiveCfg = Release|Any CPU
		{D45AFCA5-8C32-49EE-A0AF-9B53CF00B456}.ServerTreeApp|Any CPU.ActiveCfg = Release|Any CPU
		{E1964846-2C3C-48D6-A9AC-7E7AFF91404D}.AdminApp|Any CPU.ActiveCfg = Release|Any CPU
		{E1964846-2C3C-48D6-A9AC-7E7AFF91404D}.Debug|Any CPU.ActiveCfg = Debug|Any CPU
		{E1964846-2C3C-48D6-A9AC-7E7AFF91404D}.MobileApp|Any CPU.ActiveCfg = Release|Any CPU
		{E1964846-2C3C-48D6-A9AC-7E7AFF91404D}.Release|Any CPU.ActiveCfg = Release|Any CPU
		{E1964846-2C3C-48D6-A9AC-7E7AFF91404D}.ServerTreeApp|Any CPU.ActiveCfg = Release|Any CPU
		{B1216305-1F93-4F87-B13F-489456CEB230}.AdminApp|Any CPU.ActiveCfg = Release|Any CPU
		{B1216305-1F93-4F87-B13F-489456CEB230}.Debug|Any CPU.ActiveCfg = Debug|Any CPU
		{B1216305-1F93-4F87-B13F-489456CEB230}.MobileApp|Any CPU.ActiveCfg = Release|Any CPU
		{B1216305-1F93-4F87-B13F-489456CEB230}.Release|Any CPU.ActiveCfg = Release|Any CPU
		{B1216305-1F93-4F87-B13F-489456CEB230}.ServerTreeApp|Any CPU.ActiveCfg = Release|Any CPU
		{75C9DC8A-98C1-42FE-B2AB-FABF9C40875E}.AdminApp|Any CPU.ActiveCfg = AdminApp|Any CPU
		{75C9DC8A-98C1-42FE-B2AB-FABF9C40875E}.AdminApp|Any CPU.Build.0 = AdminApp|Any CPU
		{75C9DC8A-98C1-42FE-B2AB-FABF9C40875E}.AdminApp|Any CPU.Deploy.0 = AdminApp|Any CPU
		{75C9DC8A-98C1-42FE-B2AB-FABF9C40875E}.Debug|Any CPU.ActiveCfg = Debug|Any CPU
		{75C9DC8A-98C1-42FE-B2AB-FABF9C40875E}.Debug|Any CPU.Build.0 = Debug|Any CPU
		{75C9DC8A-98C1-42FE-B2AB-FABF9C40875E}.Debug|Any CPU.Deploy.0 = Debug|Any CPU
		{75C9DC8A-98C1-42FE-B2AB-FABF9C40875E}.MobileApp|Any CPU.ActiveCfg = MobileApp|Any CPU
		{75C9DC8A-98C1-42FE-B2AB-FABF9C40875E}.MobileApp|Any CPU.Build.0 = MobileApp|Any CPU
		{75C9DC8A-98C1-42FE-B2AB-FABF9C40875E}.MobileApp|Any CPU.Deploy.0 = MobileApp|Any CPU
		{75C9DC8A-98C1-42FE-B2AB-FABF9C40875E}.Release|Any CPU.ActiveCfg = Release|Any CPU
		{75C9DC8A-98C1-42FE-B2AB-FABF9C40875E}.Release|Any CPU.Build.0 = Release|Any CPU
		{75C9DC8A-98C1-42FE-B2AB-FABF9C40875E}.Release|Any CPU.Deploy.0 = Release|Any CPU
		{75C9DC8A-98C1-42FE-B2AB-FABF9C40875E}.ServerTreeApp|Any CPU.ActiveCfg = ServerTreeApp|Any CPU
		{75C9DC8A-98C1-42FE-B2AB-FABF9C40875E}.ServerTreeApp|Any CPU.Build.0 = ServerTreeApp|Any CPU
		{75C9DC8A-98C1-42FE-B2AB-FABF9C40875E}.ServerTreeApp|Any CPU.Deploy.0 = ServerTreeApp|Any CPU
		{E3D06773-1344-40DE-B2E5-EF92D9401021}.AdminApp|Any CPU.ActiveCfg = Release|Any CPU
		{E3D06773-1344-40DE-B2E5-EF92D9401021}.AdminApp|Any CPU.Build.0 = Release|Any CPU
		{E3D06773-1344-40DE-B2E5-EF92D9401021}.Debug|Any CPU.ActiveCfg = Debug|Any CPU
		{E3D06773-1344-40DE-B2E5-EF92D9401021}.Debug|Any CPU.Build.0 = Debug|Any CPU
		{E3D06773-1344-40DE-B2E5-EF92D9401021}.MobileApp|Any CPU.ActiveCfg = Release|Any CPU
		{E3D06773-1344-40DE-B2E5-EF92D9401021}.MobileApp|Any CPU.Build.0 = Release|Any CPU
		{E3D06773-1344-40DE-B2E5-EF92D9401021}.Release|Any CPU.ActiveCfg = Release|Any CPU
		{E3D06773-1344-40DE-B2E5-EF92D9401021}.Release|Any CPU.Build.0 = Release|Any CPU
		{E3D06773-1344-40DE-B2E5-EF92D9401021}.ServerTreeApp|Any CPU.ActiveCfg = Release|Any CPU
		{E3D06773-1344-40DE-B2E5-EF92D9401021}.ServerTreeApp|Any CPU.Build.0 = Release|Any CPU
		{22202767-F92A-4712-BB54-11E748F7A5FB}.AdminApp|Any CPU.ActiveCfg = Release|Any CPU
		{22202767-F92A-4712-BB54-11E748F7A5FB}.AdminApp|Any CPU.Build.0 = Release|Any CPU
		{22202767-F92A-4712-BB54-11E748F7A5FB}.Debug|Any CPU.ActiveCfg = Debug|Any CPU
		{22202767-F92A-4712-BB54-11E748F7A5FB}.MobileApp|Any CPU.ActiveCfg = Release|Any CPU
		{22202767-F92A-4712-BB54-11E748F7A5FB}.MobileApp|Any CPU.Build.0 = Release|Any CPU
		{22202767-F92A-4712-BB54-11E748F7A5FB}.Release|Any CPU.ActiveCfg = Release|Any CPU
		{22202767-F92A-4712-BB54-11E748F7A5FB}.Release|Any CPU.Build.0 = Release|Any CPU
		{22202767-F92A-4712-BB54-11E748F7A5FB}.ServerTreeApp|Any CPU.ActiveCfg = Release|Any CPU
		{22202767-F92A-4712-BB54-11E748F7A5FB}.ServerTreeApp|Any CPU.Build.0 = Release|Any CPU
		{6295FFF7-5335-4F34-884D-D26F9D427CF8}.AdminApp|Any CPU.ActiveCfg = Release|Any CPU
		{6295FFF7-5335-4F34-884D-D26F9D427CF8}.AdminApp|Any CPU.Build.0 = Release|Any CPU
		{6295FFF7-5335-4F34-884D-D26F9D427CF8}.Debug|Any CPU.ActiveCfg = Debug|Any CPU
		{6295FFF7-5335-4F34-884D-D26F9D427CF8}.Debug|Any CPU.Build.0 = Debug|Any CPU
		{6295FFF7-5335-4F34-884D-D26F9D427CF8}.MobileApp|Any CPU.ActiveCfg = Release|Any CPU
		{6295FFF7-5335-4F34-884D-D26F9D427CF8}.MobileApp|Any CPU.Build.0 = Release|Any CPU
		{6295FFF7-5335-4F34-884D-D26F9D427CF8}.Release|Any CPU.ActiveCfg = Release|Any CPU
		{6295FFF7-5335-4F34-884D-D26F9D427CF8}.Release|Any CPU.Build.0 = Release|Any CPU
		{6295FFF7-5335-4F34-884D-D26F9D427CF8}.ServerTreeApp|Any CPU.ActiveCfg = Release|Any CPU
		{6295FFF7-5335-4F34-884D-D26F9D427CF8}.ServerTreeApp|Any CPU.Build.0 = Release|Any CPU
	EndGlobalSection
	GlobalSection(SolutionProperties) = preSolution
		HideSolutionNode = FALSE
	EndGlobalSection
	GlobalSection(NestedProjects) = preSolution
		{FA9D0E01-ABC8-42E1-94B4-0881015F3BB6} = {256A21B3-412C-49EA-B402-283E1170FC28}
		{1F5D27E1-9A57-4BD6-910F-7A54F651CE0B} = {256A21B3-412C-49EA-B402-283E1170FC28}
		{DD237953-EAED-49FE-9E7C-5EEA293C7EF2} = {256A21B3-412C-49EA-B402-283E1170FC28}
		{B64358FC-6E5F-426B-811D-FB11AC044ED8} = {256A21B3-412C-49EA-B402-283E1170FC28}
		{8539E822-5EF8-49C0-B7D8-C250F48D7B9B} = {FA9D0E01-ABC8-42E1-94B4-0881015F3BB6}
		{17BE6337-47BB-418E-9869-2E11A5824BE3} = {FA9D0E01-ABC8-42E1-94B4-0881015F3BB6}
		{C4B93CFD-E240-433F-9C7D-3EA7A7786CBF} = {1F5D27E1-9A57-4BD6-910F-7A54F651CE0B}
		{216E83C2-839F-4BA7-A527-D92AB653437C} = {1F5D27E1-9A57-4BD6-910F-7A54F651CE0B}
		{272EABB9-1B7A-46BA-BF96-34CB81055718} = {D6F4FFB3-8DAD-409D-B458-E6C098A2A031}
		{92DCDB16-7C99-4E55-B8C0-399703E16C35} = {D6F4FFB3-8DAD-409D-B458-E6C098A2A031}
		{DA296C2B-A2D2-487F-B028-06289F1D3348} = {D6F4FFB3-8DAD-409D-B458-E6C098A2A031}
		{E1964846-2C3C-48D6-A9AC-7E7AFF91404D} = {6221945E-7F32-4E40-B817-923175387DCF}
		{D45AFCA5-8C32-49EE-A0AF-9B53CF00B456} = {6221945E-7F32-4E40-B817-923175387DCF}
		{B1216305-1F93-4F87-B13F-489456CEB230} = {6221945E-7F32-4E40-B817-923175387DCF}
		{75C9DC8A-98C1-42FE-B2AB-FABF9C40875E} = {27EC6C36-7A5C-48F6-91E3-0A3D26A10CBE}
		{22202767-F92A-4712-BB54-11E748F7A5FB} = {DD237953-EAED-49FE-9E7C-5EEA293C7EF2}
		{6295FFF7-5335-4F34-884D-D26F9D427CF8} = {DD237953-EAED-49FE-9E7C-5EEA293C7EF2}
		{E3D06773-1344-40DE-B2E5-EF92D9401021} = {B64358FC-6E5F-426B-811D-FB11AC044ED8}
	EndGlobalSection
EndGlobal
